{
  "pins" : [
    {
      "identity" : "amplitude-swift",
      "kind" : "remoteSourceControl",
      "location" : "https://github.com/amplitude/Amplitude-Swift",
      "state" : {
        "revision" : "07b14d5ee0d1c3fadabd9fea08705a3220f39f84",
        "version" : "0.4.7"
      }
    }
  ],
  "version" : 2
}
