# THIS IS AN AUTOGENERATED FILE. DO NOT EDIT THIS FILE DIRECTLY.
# yarn lockfile v1


"@amplitude/analytics-browser@2.47.0", "@amplitude/analytics-browser@^2.47.0":
  version "2.47.0"
  resolved "https://registry.yarnpkg.com/@amplitude/analytics-browser/-/analytics-browser-2.47.0.tgz#b793bdc20a0589f2f24f9806839a87de49621db7"
  integrity sha512-ygr1GKpyiBZ1IXZb0kDKgqULl/h18DUK//SrX7j1cUnT1YQEQAzqSnM0QVByy3G+KWWEHHH2iQWSgQskNbp9Zg==
  dependencies:
    "@amplitude/analytics-core" "2.58.0"
    "@amplitude/plugin-autocapture-browser" "1.29.3"
    "@amplitude/plugin-custom-enrichment-browser" "0.1.22"
    "@amplitude/plugin-event-property-attribution-browser" "0.2.17"
    "@amplitude/plugin-network-capture-browser" "1.10.17"
    "@amplitude/plugin-page-url-enrichment-browser" "0.7.27"
    "@amplitude/plugin-page-view-tracking-browser" "2.11.17"
    "@amplitude/plugin-web-vitals-browser" "1.2.0"
    tslib "^2.4.1"

"@amplitude/analytics-connector@^1.6.4", "@amplitude/analytics-connector@^1.6.8":
  version "1.6.8"
  resolved "https://registry.yarnpkg.com/@amplitude/analytics-connector/-/analytics-connector-1.6.8.tgz#4c55f29ac2b6e9880a8bb3cdbfc9783a6071ae95"
  integrity sha512-ryZUsakytEZZ+g/O5mTsObckhCKtZrNdZw+KKcbuzVCZa1LJFPWHvKj+jwQpPO0ngsbb6oEpC5laaIEM5B4XKQ==

"@amplitude/analytics-core@2.55.0":
  version "2.55.0"
  resolved "https://registry.yarnpkg.com/@amplitude/analytics-core/-/analytics-core-2.55.0.tgz#93ae887fb7edc37cae77e66ced2b57f59694d7b3"
  integrity sha512-fzjXEWX2o5I58Tl5jYaw2G5Tp5ejfcDkayWMogEThCl/fd6AqRKkrl/dVVqGV3h/GS3HZws7J4baIWkaq92jkQ==
  dependencies:
    "@amplitude/analytics-connector" "^1.6.4"
    "@types/zen-observable" "0.8.3"
    safe-json-stringify "1.2.0"
    tslib "^2.4.1"
    zen-observable "0.10.0"

"@amplitude/analytics-core@2.58.0":
  version "2.58.0"
  resolved "https://registry.yarnpkg.com/@amplitude/analytics-core/-/analytics-core-2.58.0.tgz#3b623802c74679466a8f260b4b8cd92b8dda5660"
  integrity sha512-ZFd271l2UZrR0gXXcgRqV1fj6nURIemovV7EDTdO8z+9rVobV7P+mjs4srqLwEJl3YfNX/ma1IgfFFriFEmXSQ==
  dependencies:
    "@amplitude/analytics-connector" "^1.6.4"
    "@types/zen-observable" "0.8.3"
    safe-json-stringify "1.2.0"
    tslib "^2.4.1"
    zen-observable "0.10.0"

"@amplitude/analytics-types@2.11.1":
  version "2.11.1"
  resolved "https://registry.yarnpkg.com/@amplitude/analytics-types/-/analytics-types-2.11.1.tgz#7af47830a9d55f32dc51e455e7bd4c266b96250d"
  integrity sha512-wFEgb0t99ly2uJKm5oZ28Lti0Kh5RecR5XBkwfUpDzn84IoCIZ8GJTsMw/nThu8FZFc7xFDA4UAt76zhZKrs9A==

"@amplitude/analytics-types@^1.0.0":
  version "1.4.0"
  resolved "https://registry.yarnpkg.com/@amplitude/analytics-types/-/analytics-types-1.4.0.tgz#63f84e5ea5e26beeb06745732063e3787194f0d2"
  integrity sha512-RiMPHBqdrJ8ktTqG+Wzj2htnN/PCG9jGZG0SXtTFnWwVvcAJYbYm55/nrP1TTyrx1OlLhvF2VG3lVUP/xGAU8w==

"@amplitude/element-selector@0.3.0":
  version "0.3.0"
  resolved "https://registry.yarnpkg.com/@amplitude/element-selector/-/element-selector-0.3.0.tgz#9b572af21df63776063a00043b5069a8fb5fea56"
  integrity sha512-rfjXGjXqQiitxse3ZcoPLny2Uy8AXYnWAqB6oqZj39zYVuieoxhfWT50HZks3F4Ny4Zyf45tJqyLCnfvGGMs4A==
  dependencies:
    tslib "^2.4.1"

"@amplitude/engagement-browser@^1.0.10":
  version "1.0.12"
  resolved "https://registry.yarnpkg.com/@amplitude/engagement-browser/-/engagement-browser-1.0.12.tgz#a38df935713c4953f925570457e1ac64d0f93dce"
  integrity sha512-7c1Vw24402Mo2b32p2fcwYWMd5PIXPrLPEOJfHS23H2PpARB8cmHYo9g8qY5BinZ1oSclSEpIR9XwKdOpJJd7w==
  dependencies:
    "@amplitude/analytics-types" "^1.0.0"

"@amplitude/experiment-core@0.7.2":
  version "0.7.2"
  resolved "https://registry.yarnpkg.com/@amplitude/experiment-core/-/experiment-core-0.7.2.tgz#f94219d68d86322e8d580c8fbe0672dcd29f86bb"
  integrity sha512-Wc2NWvgQ+bLJLeF0A9wBSPIaw0XuqqgkPKsoNFQrmS7r5Djd56um75In05tqmVntPJZRvGKU46pAp8o5tdf4mA==
  dependencies:
    js-base64 "^3.7.5"

"@amplitude/experiment-core@^0.13.6":
  version "0.13.6"
  resolved "https://registry.yarnpkg.com/@amplitude/experiment-core/-/experiment-core-0.13.6.tgz#7775b43244cd24dfde1ae6be56ddcc7b837ac60c"
  integrity sha512-MLzTOUxsvgVyn2o4YPlfdGBk1Z19oPyIkXdwiRVytAxCnkb4I+Gcx6oV7Or6Jw/cN5MYP1dTWnT8upwN0XyhPA==
  dependencies:
    js-base64 "^3.7.5"

"@amplitude/experiment-js-client@^1.15.5":
  version "1.23.1"
  resolved "https://registry.yarnpkg.com/@amplitude/experiment-js-client/-/experiment-js-client-1.23.1.tgz#670106f395d5d29a0012837391998cad34b403eb"
  integrity sha512-/y0CvEp1haMGXjbbJSGfJwetr7nEJMmhzLgj3iidvdyc+OLYUshKEa9tQcNCRZgNzJZ+/JSGcQY3t7e+/QEckw==
  dependencies:
    "@amplitude/analytics-connector" "^1.6.8"
    "@amplitude/experiment-core" "^0.13.6"
    "@amplitude/ua-parser-js" "^0.7.31"
    base64-js "1.5.1"
    unfetch "4.1.0"

"@amplitude/plugin-autocapture-browser@1.29.3":
  version "1.29.3"
  resolved "https://registry.yarnpkg.com/@amplitude/plugin-autocapture-browser/-/plugin-autocapture-browser-1.29.3.tgz#447767cf203d6f9b6bdd19ef17af67952fd22b2d"
  integrity sha512-7YqCRGu7QrtlzzDSQFZ4CG1kNkOvO6SCE3UKL240YHzS2mM95Cb6li4So4/Orek7A5ffDlq375OJrDNujg4rtw==
  dependencies:
    "@amplitude/analytics-core" "2.58.0"
    "@amplitude/element-selector" "0.3.0"
    tslib "^2.4.1"

"@amplitude/plugin-custom-enrichment-browser@0.1.22":
  version "0.1.22"
  resolved "https://registry.yarnpkg.com/@amplitude/plugin-custom-enrichment-browser/-/plugin-custom-enrichment-browser-0.1.22.tgz#0aefb5d1f12102d617ebbde2d98ee82162a33b86"
  integrity sha512-KDTVCOmivrLzp1Q9EJuU61Yzw0Mip9DU/VnMnfROD37rCv0QX78O7RuYVzN+R6sprgUw+tkmS512PmkbVLOFsA==
  dependencies:
    "@amplitude/analytics-core" "2.55.0"
    tslib "^2.4.1"

"@amplitude/plugin-event-property-attribution-browser@0.2.17":
  version "0.2.17"
  resolved "https://registry.yarnpkg.com/@amplitude/plugin-event-property-attribution-browser/-/plugin-event-property-attribution-browser-0.2.17.tgz#c8d4fec45b881621dbfda18a37bb691b8532ade2"
  integrity sha512-7E34OIVtWGkn9uu0+ymrGwi+0ZFYG21KBb3c6Vrgu4HiDCxdCC/7l16NczoNn3FIyd8ljsiBlTCVQRmOEMg9yQ==
  dependencies:
    "@amplitude/analytics-core" "2.58.0"
    tslib "^2.4.1"

"@amplitude/plugin-experiment-browser@1.0.0-beta.44":
  version "1.0.0-beta.44"
  resolved "https://registry.yarnpkg.com/@amplitude/plugin-experiment-browser/-/plugin-experiment-browser-1.0.0-beta.44.tgz#5be69a8ed00d179ca0856fb4e3a2e39dbdd53a1d"
  integrity sha512-I6Asf1dQioZKJJyIMaDuXSY13Pd8hBhMDKfTcnYQKiOWSHOCz19HivIzMg7Fu5fB5qIByJudPa8izDWu6HBIlg==
  dependencies:
    "@amplitude/analytics-core" "2.58.0"
    "@amplitude/experiment-js-client" "^1.15.5"

"@amplitude/plugin-network-capture-browser@1.10.17":
  version "1.10.17"
  resolved "https://registry.yarnpkg.com/@amplitude/plugin-network-capture-browser/-/plugin-network-capture-browser-1.10.17.tgz#b422ecca2d8c6f62afc0c85ecbd1474c040141c1"
  integrity sha512-ZN/euGASoVuYw7z8fAETHlHQ/3wP5sqAVBc2MeOzuFsQpaKLxjoCCKGMq1HD6tZEV+mQ+cLUa6mzbEOZ5UylgQ==
  dependencies:
    "@amplitude/analytics-core" "2.58.0"
    tslib "^2.4.1"

"@amplitude/plugin-page-url-enrichment-browser@0.7.27":
  version "0.7.27"
  resolved "https://registry.yarnpkg.com/@amplitude/plugin-page-url-enrichment-browser/-/plugin-page-url-enrichment-browser-0.7.27.tgz#cd8b99604be5b36cfb13884692b3a525eea08f07"
  integrity sha512-nAFX4YPjKp30IKWbCR8irrWPfepUyJQiBAStASYWlbDgUUhwQM6rnnCMLGDFo77MZK8klSVjUS16nK9JMg/Fyg==
  dependencies:
    "@amplitude/analytics-core" "2.58.0"
    tslib "^2.4.1"

"@amplitude/plugin-page-view-tracking-browser@2.11.17":
  version "2.11.17"
  resolved "https://registry.yarnpkg.com/@amplitude/plugin-page-view-tracking-browser/-/plugin-page-view-tracking-browser-2.11.17.tgz#dd4f991a51c660a66fa00c9bc6b91f963ae5cc1d"
  integrity sha512-XtqMgTqs9Ojz85fMLOZrSJ6fxaxE28aTPNDq1uC4N7wdMsyp1gkEJI4Uugg+G3BH8Sl85zmjFF92XX1+fMiwCg==
  dependencies:
    "@amplitude/analytics-core" "2.58.0"
    tslib "^2.4.1"

"@amplitude/plugin-session-replay-browser@1.35.3", "@amplitude/plugin-session-replay-browser@^1.35.3":
  version "1.35.3"
  resolved "https://registry.yarnpkg.com/@amplitude/plugin-session-replay-browser/-/plugin-session-replay-browser-1.35.3.tgz#64474f909bc28538ce4f8cdba0c14df278988c82"
  integrity sha512-npn2JzGFtOjBQjibWcBowJyG1db72W4F4Hxtdq/mou9NQ+Eo5H7sijndNPArdD+pAXCMlwM+avhAndc14zTHhQ==
  dependencies:
    "@amplitude/analytics-core" "2.58.0"
    "@amplitude/analytics-types" "2.11.1"
    "@amplitude/rrweb-plugin-console-record" "2.0.0-alpha.40"
    "@amplitude/rrweb-record" "2.0.0-alpha.40"
    "@amplitude/session-replay-browser" "1.50.3"
    tslib "^2.4.1"

"@amplitude/plugin-web-vitals-browser@1.2.0":
  version "1.2.0"
  resolved "https://registry.yarnpkg.com/@amplitude/plugin-web-vitals-browser/-/plugin-web-vitals-browser-1.2.0.tgz#502815d649c0a39e45a12f5673505706cd222e83"
  integrity sha512-J8eQf8lAqETpA4JeYwZ3sWufl/p8+prolPa2FDgsWRfmehdkgdCdBmCm6TVtOPUh0mury5cnXe2WYBAbXPWngg==
  dependencies:
    "@amplitude/analytics-core" "2.58.0"
    tslib "^2.4.1"
    web-vitals "6.2.1"

"@amplitude/rrdom@^2.1.2":
  version "2.1.2"
  resolved "https://registry.yarnpkg.com/@amplitude/rrdom/-/rrdom-2.1.2.tgz#5eda87e4bfcd7d6260651702f985d2c84578d724"
  integrity sha512-jIjDnuZGW7f4Nb7jxbQG7wz4bcS6rIkHeneLgF5EFj5o7O2kJu7tw0z7PND9eo982nSswiHb56mkAfGcue911Q==
  dependencies:
    "@amplitude/rrweb-snapshot" "^2.1.2"

"@amplitude/rrweb-plugin-console-record@2.0.0-alpha.40":
  version "2.0.0-alpha.40"
  resolved "https://registry.yarnpkg.com/@amplitude/rrweb-plugin-console-record/-/rrweb-plugin-console-record-2.0.0-alpha.40.tgz#ab56a45e1c1d7623b5fc301621c674aee6070308"
  integrity sha512-vtY7T/kGFl62nC1u7ZUXQvU7ulB70cZGVHPRN/SO9fzVfsY7y6rCmBfoc2jS5KmISdlgkVzMjY2r/EE2Gk9AQA==

"@amplitude/rrweb-record@2.0.0-alpha.40":
  version "2.0.0-alpha.40"
  resolved "https://registry.yarnpkg.com/@amplitude/rrweb-record/-/rrweb-record-2.0.0-alpha.40.tgz#7d64faa544f19e0af23bf3daaa071b5cd25666dc"
  integrity sha512-5cJhQwzhymJWX5/XOtpWK0h2NLq9+t2YiO6ub0cdZ9F5AZizaRbsVH88int07DfX0YiXTKWbISezVuduCLqgSQ==
  dependencies:
    "@amplitude/rrweb" "^2.0.0-alpha.40"
    "@amplitude/rrweb-types" "^2.0.0-alpha.40"

"@amplitude/rrweb-snapshot@^2.1.2":
  version "2.1.2"
  resolved "https://registry.yarnpkg.com/@amplitude/rrweb-snapshot/-/rrweb-snapshot-2.1.2.tgz#3ccebfa03606c47f3ccf25b477dfe7545d72c1d8"
  integrity sha512-xdASm3wP2hHnEZL6Y0+uFO7rBCRYadKIRLwVJewpln+BHj+F96GGfw2JmsZx4J/5a+kXRFgtajp9mEboy3dyxw==
  dependencies:
    postcss "^8.4.38"

"@amplitude/rrweb-types@2.0.0-alpha.40":
  version "2.0.0-alpha.40"
  resolved "https://registry.yarnpkg.com/@amplitude/rrweb-types/-/rrweb-types-2.0.0-alpha.40.tgz#6be00b131ef73e6f20e4ef8f061d23f3e1f6ef68"
  integrity sha512-rP7CBDkzXupxOA7ukvC+zDYLuCtsz54TuJKC4+5O72Jsz4YdokLznKZRG34P6zXozfhGU0261qckk87lLY6mKQ==

"@amplitude/rrweb-types@^2.0.0-alpha.40", "@amplitude/rrweb-types@^2.1.2":
  version "2.1.2"
  resolved "https://registry.yarnpkg.com/@amplitude/rrweb-types/-/rrweb-types-2.1.2.tgz#18f4124737b81497d3b983ce1ae4f2df850e8f53"
  integrity sha512-HvzZpWGigXGXmtGntyDoNbk6i2YO89wrFV1tkILns7R4ECntsNsXzwP72oyWYVpONvU/x0xM5oe6/rzv4L29BQ==

"@amplitude/rrweb-utils@^2.1.2":
  version "2.1.2"
  resolved "https://registry.yarnpkg.com/@amplitude/rrweb-utils/-/rrweb-utils-2.1.2.tgz#443ba18a7b8b44d0d53ca019db5c337c1b48fe01"
  integrity sha512-FRiJj7h1ziiWqW9hbmr1PfQoCgpX7zxhqVdlVaFE9NkqzXlePmStjOgkBLNnz/WbBD0A4pZp26o9Cy0he47Qwg==

"@amplitude/rrweb@^2.0.0-alpha.40":
  version "2.1.3"
  resolved "https://registry.yarnpkg.com/@amplitude/rrweb/-/rrweb-2.1.3.tgz#a09b59d291e9492edfdaf775228f44e0af6beaca"
  integrity sha512-K/+ob14aDZ3tYhW/PAz4mQp+Ikr8H7qvepGgNRPhm4bG3sztsdnWhz+eK7xEcx05l+RIo0MYAp3+GXE5mDYM9w==
  dependencies:
    "@amplitude/rrdom" "^2.1.2"
    "@amplitude/rrweb-snapshot" "^2.1.2"
    "@amplitude/rrweb-types" "^2.1.2"
    "@amplitude/rrweb-utils" "^2.1.2"
    "@types/css-font-loading-module" "0.0.7"
    "@xstate/fsm" "^1.4.0"
    base64-arraybuffer "^1.0.1"
    mitt "^3.0.0"

"@amplitude/session-replay-browser@1.50.3":
  version "1.50.3"
  resolved "https://registry.yarnpkg.com/@amplitude/session-replay-browser/-/session-replay-browser-1.50.3.tgz#6e2b079c192163d14ef5add342fd87b38dcdeb34"
  integrity sha512-qIondEIrNADg4AB2tRLytQioNkbaQ9JdfXKhnJYrHXB9z5+7sZaylkZxt5MM1lEo/t+PNiU3F+1TCABcsi8RqQ==
  dependencies:
    "@amplitude/analytics-core" "2.58.0"
    "@amplitude/analytics-types" "2.11.1"
    "@amplitude/rrweb-plugin-console-record" "2.0.0-alpha.40"
    "@amplitude/rrweb-record" "2.0.0-alpha.40"
    "@amplitude/rrweb-types" "2.0.0-alpha.40"
    "@amplitude/targeting" "0.3.10"
    idb "8.0.0"
    tslib "^2.4.1"

"@amplitude/targeting@0.3.10":
  version "0.3.10"
  resolved "https://registry.yarnpkg.com/@amplitude/targeting/-/targeting-0.3.10.tgz#36a5be8e628b296c12f6ec3098ccd6107092981d"
  integrity sha512-z1Vl10M8qHRPs51/cNBWc8HEo1QrAZZtfKzI9Uuim3hCAE/XlPPZzhIwDfZE1qlgFIXLNq1MeNKJTgdDh7A2hg==
  dependencies:
    "@amplitude/analytics-types" "2.11.1"
    "@amplitude/experiment-core" "0.7.2"
    idb "8.0.0"
    tslib "^2.4.1"

"@amplitude/ua-parser-js@^0.7.31":
  version "0.7.33"
  resolved "https://registry.yarnpkg.com/@amplitude/ua-parser-js/-/ua-parser-js-0.7.33.tgz#26441a0fb2e956a64e4ede50fb80b848179bb5db"
  integrity sha512-wKEtVR4vXuPT9cVEIJkYWnlF++Gx3BdLatPBM+SZ1ztVIvnhdGBZR/mn9x/PzyrMcRlZmyi6L56I2J3doVBnjA==

"@amplitude/unified@^1.1.36":
  version "1.1.36"
  resolved "https://registry.yarnpkg.com/@amplitude/unified/-/unified-1.1.36.tgz#efd9121875ceb9c99b0710fe606bee3cbc835333"
  integrity sha512-6c6lnoQdPYjVmzBlSS5xI8i6oW9TjFNs+oSdWatbHXjvokBkVXtAF5dD1uqb9e7NkgQBWUfT9Da/zF9gQBHGrw==
  dependencies:
    "@amplitude/analytics-browser" "2.47.0"
    "@amplitude/analytics-core" "2.58.0"
    "@amplitude/engagement-browser" "^1.0.10"
    "@amplitude/plugin-experiment-browser" "1.0.0-beta.44"
    "@amplitude/plugin-session-replay-browser" "1.35.3"

"@esbuild/aix-ppc64@0.25.12":
  version "0.25.12"
  resolved "https://registry.yarnpkg.com/@esbuild/aix-ppc64/-/aix-ppc64-0.25.12.tgz#80fcbe36130e58b7670511e888b8e88a259ed76c"
  integrity sha512-Hhmwd6CInZ3dwpuGTF8fJG6yoWmsToE+vYgD4nytZVxcu1ulHpUQRAB1UJ8+N1Am3Mz4+xOByoQoSZf4D+CpkA==

"@esbuild/android-arm64@0.25.12":
  version "0.25.12"
  resolved "https://registry.yarnpkg.com/@esbuild/android-arm64/-/android-arm64-0.25.12.tgz#8aa4965f8d0a7982dc21734bf6601323a66da752"
  integrity sha512-6AAmLG7zwD1Z159jCKPvAxZd4y/VTO0VkprYy+3N2FtJ8+BQWFXU+OxARIwA46c5tdD9SsKGZ/1ocqBS/gAKHg==

"@esbuild/android-arm@0.25.12":
  version "0.25.12"
  resolved "https://registry.yarnpkg.com/@esbuild/android-arm/-/android-arm-0.25.12.tgz#300712101f7f50f1d2627a162e6e09b109b6767a"
  integrity sha512-VJ+sKvNA/GE7Ccacc9Cha7bpS8nyzVv0jdVgwNDaR4gDMC/2TTRc33Ip8qrNYUcpkOHUT5OZ0bUcNNVZQ9RLlg==

"@esbuild/android-x64@0.25.12":
  version "0.25.12"
  resolved "https://registry.yarnpkg.com/@esbuild/android-x64/-/android-x64-0.25.12.tgz#87dfb27161202bdc958ef48bb61b09c758faee16"
  integrity sha512-5jbb+2hhDHx5phYR2By8GTWEzn6I9UqR11Kwf22iKbNpYrsmRB18aX/9ivc5cabcUiAT/wM+YIZ6SG9QO6a8kg==

"@esbuild/darwin-arm64@0.25.12":
  version "0.25.12"
  resolved "https://registry.yarnpkg.com/@esbuild/darwin-arm64/-/darwin-arm64-0.25.12.tgz#79197898ec1ff745d21c071e1c7cc3c802f0c1fd"
  integrity sha512-N3zl+lxHCifgIlcMUP5016ESkeQjLj/959RxxNYIthIg+CQHInujFuXeWbWMgnTo4cp5XVHqFPmpyu9J65C1Yg==

"@esbuild/darwin-x64@0.25.12":
  version "0.25.12"
  resolved "https://registry.yarnpkg.com/@esbuild/darwin-x64/-/darwin-x64-0.25.12.tgz#146400a8562133f45c4d2eadcf37ddd09718079e"
  integrity sha512-HQ9ka4Kx21qHXwtlTUVbKJOAnmG1ipXhdWTmNXiPzPfWKpXqASVcWdnf2bnL73wgjNrFXAa3yYvBSd9pzfEIpA==

"@esbuild/freebsd-arm64@0.25.12":
  version "0.25.12"
  resolved "https://registry.yarnpkg.com/@esbuild/freebsd-arm64/-/freebsd-arm64-0.25.12.tgz#1c5f9ba7206e158fd2b24c59fa2d2c8bb47ca0fe"
  integrity sha512-gA0Bx759+7Jve03K1S0vkOu5Lg/85dou3EseOGUes8flVOGxbhDDh/iZaoek11Y8mtyKPGF3vP8XhnkDEAmzeg==

"@esbuild/freebsd-x64@0.25.12":
  version "0.25.12"
  resolved "https://registry.yarnpkg.com/@esbuild/freebsd-x64/-/freebsd-x64-0.25.12.tgz#ea631f4a36beaac4b9279fa0fcc6ca29eaeeb2b3"
  integrity sha512-TGbO26Yw2xsHzxtbVFGEXBFH0FRAP7gtcPE7P5yP7wGy7cXK2oO7RyOhL5NLiqTlBh47XhmIUXuGciXEqYFfBQ==

"@esbuild/linux-arm64@0.25.12":
  version "0.25.12"
  resolved "https://registry.yarnpkg.com/@esbuild/linux-arm64/-/linux-arm64-0.25.12.tgz#e1066bce58394f1b1141deec8557a5f0a22f5977"
  integrity sha512-8bwX7a8FghIgrupcxb4aUmYDLp8pX06rGh5HqDT7bB+8Rdells6mHvrFHHW2JAOPZUbnjUpKTLg6ECyzvas2AQ==

"@esbuild/linux-arm@0.25.12":
  version "0.25.12"
  resolved "https://registry.yarnpkg.com/@esbuild/linux-arm/-/linux-arm-0.25.12.tgz#452cd66b20932d08bdc53a8b61c0e30baf4348b9"
  integrity sha512-lPDGyC1JPDou8kGcywY0YILzWlhhnRjdof3UlcoqYmS9El818LLfJJc3PXXgZHrHCAKs/Z2SeZtDJr5MrkxtOw==

"@esbuild/linux-ia32@0.25.12":
  version "0.25.12"
  resolved "https://registry.yarnpkg.com/@esbuild/linux-ia32/-/linux-ia32-0.25.12.tgz#b24f8acc45bcf54192c7f2f3be1b53e6551eafe0"
  integrity sha512-0y9KrdVnbMM2/vG8KfU0byhUN+EFCny9+8g202gYqSSVMonbsCfLjUO+rCci7pM0WBEtz+oK/PIwHkzxkyharA==

"@esbuild/linux-loong64@0.25.12":
  version "0.25.12"
  resolved "https://registry.yarnpkg.com/@esbuild/linux-loong64/-/linux-loong64-0.25.12.tgz#f9cfffa7fc8322571fbc4c8b3268caf15bd81ad0"
  integrity sha512-h///Lr5a9rib/v1GGqXVGzjL4TMvVTv+s1DPoxQdz7l/AYv6LDSxdIwzxkrPW438oUXiDtwM10o9PmwS/6Z0Ng==

"@esbuild/linux-mips64el@0.25.12":
  version "0.25.12"
  resolved "https://registry.yarnpkg.com/@esbuild/linux-mips64el/-/linux-mips64el-0.25.12.tgz#575a14bd74644ffab891adc7d7e60d275296f2cd"
  integrity sha512-iyRrM1Pzy9GFMDLsXn1iHUm18nhKnNMWscjmp4+hpafcZjrr2WbT//d20xaGljXDBYHqRcl8HnxbX6uaA/eGVw==

"@esbuild/linux-ppc64@0.25.12":
  version "0.25.12"
  resolved "https://registry.yarnpkg.com/@esbuild/linux-ppc64/-/linux-ppc64-0.25.12.tgz#75b99c70a95fbd5f7739d7692befe60601591869"
  integrity sha512-9meM/lRXxMi5PSUqEXRCtVjEZBGwB7P/D4yT8UG/mwIdze2aV4Vo6U5gD3+RsoHXKkHCfSxZKzmDssVlRj1QQA==

"@esbuild/linux-riscv64@0.25.12":
  version "0.25.12"
  resolved "https://registry.yarnpkg.com/@esbuild/linux-riscv64/-/linux-riscv64-0.25.12.tgz#2e3259440321a44e79ddf7535c325057da875cd6"
  integrity sha512-Zr7KR4hgKUpWAwb1f3o5ygT04MzqVrGEGXGLnj15YQDJErYu/BGg+wmFlIDOdJp0PmB0lLvxFIOXZgFRrdjR0w==

"@esbuild/linux-s390x@0.25.12":
  version "0.25.12"
  resolved "https://registry.yarnpkg.com/@esbuild/linux-s390x/-/linux-s390x-0.25.12.tgz#17676cabbfe5928da5b2a0d6df5d58cd08db2663"
  integrity sha512-MsKncOcgTNvdtiISc/jZs/Zf8d0cl/t3gYWX8J9ubBnVOwlk65UIEEvgBORTiljloIWnBzLs4qhzPkJcitIzIg==

"@esbuild/linux-x64@0.25.12":
  version "0.25.12"
  resolved "https://registry.yarnpkg.com/@esbuild/linux-x64/-/linux-x64-0.25.12.tgz#0583775685ca82066d04c3507f09524d3cd7a306"
  integrity sha512-uqZMTLr/zR/ed4jIGnwSLkaHmPjOjJvnm6TVVitAa08SLS9Z0VM8wIRx7gWbJB5/J54YuIMInDquWyYvQLZkgw==

"@esbuild/netbsd-arm64@0.25.12":
  version "0.25.12"
  resolved "https://registry.yarnpkg.com/@esbuild/netbsd-arm64/-/netbsd-arm64-0.25.12.tgz#f04c4049cb2e252fe96b16fed90f70746b13f4a4"
  integrity sha512-xXwcTq4GhRM7J9A8Gv5boanHhRa/Q9KLVmcyXHCTaM4wKfIpWkdXiMog/KsnxzJ0A1+nD+zoecuzqPmCRyBGjg==

"@esbuild/netbsd-x64@0.25.12":
  version "0.25.12"
  resolved "https://registry.yarnpkg.com/@esbuild/netbsd-x64/-/netbsd-x64-0.25.12.tgz#77da0d0a0d826d7c921eea3d40292548b258a076"
  integrity sha512-Ld5pTlzPy3YwGec4OuHh1aCVCRvOXdH8DgRjfDy/oumVovmuSzWfnSJg+VtakB9Cm0gxNO9BzWkj6mtO1FMXkQ==

"@esbuild/openbsd-arm64@0.25.12":
  version "0.25.12"
  resolved "https://registry.yarnpkg.com/@esbuild/openbsd-arm64/-/openbsd-arm64-0.25.12.tgz#6296f5867aedef28a81b22ab2009c786a952dccd"
  integrity sha512-fF96T6KsBo/pkQI950FARU9apGNTSlZGsv1jZBAlcLL1MLjLNIWPBkj5NlSz8aAzYKg+eNqknrUJ24QBybeR5A==

"@esbuild/openbsd-x64@0.25.12":
  version "0.25.12"
  resolved "https://registry.yarnpkg.com/@esbuild/openbsd-x64/-/openbsd-x64-0.25.12.tgz#f8d23303360e27b16cf065b23bbff43c14142679"
  integrity sha512-MZyXUkZHjQxUvzK7rN8DJ3SRmrVrke8ZyRusHlP+kuwqTcfWLyqMOE3sScPPyeIXN/mDJIfGXvcMqCgYKekoQw==

"@esbuild/openharmony-arm64@0.25.12":
  version "0.25.12"
  resolved "https://registry.yarnpkg.com/@esbuild/openharmony-arm64/-/openharmony-arm64-0.25.12.tgz#49e0b768744a3924be0d7fd97dd6ce9b2923d88d"
  integrity sha512-rm0YWsqUSRrjncSXGA7Zv78Nbnw4XL6/dzr20cyrQf7ZmRcsovpcRBdhD43Nuk3y7XIoW2OxMVvwuRvk9XdASg==

"@esbuild/sunos-x64@0.25.12":
  version "0.25.12"
  resolved "https://registry.yarnpkg.com/@esbuild/sunos-x64/-/sunos-x64-0.25.12.tgz#a6ed7d6778d67e528c81fb165b23f4911b9b13d6"
  integrity sha512-3wGSCDyuTHQUzt0nV7bocDy72r2lI33QL3gkDNGkod22EsYl04sMf0qLb8luNKTOmgF/eDEDP5BFNwoBKH441w==

"@esbuild/win32-arm64@0.25.12":
  version "0.25.12"
  resolved "https://registry.yarnpkg.com/@esbuild/win32-arm64/-/win32-arm64-0.25.12.tgz#9ac14c378e1b653af17d08e7d3ce34caef587323"
  integrity sha512-rMmLrur64A7+DKlnSuwqUdRKyd3UE7oPJZmnljqEptesKM8wx9J8gx5u0+9Pq0fQQW8vqeKebwNXdfOyP+8Bsg==

"@esbuild/win32-ia32@0.25.12":
  version "0.25.12"
  resolved "https://registry.yarnpkg.com/@esbuild/win32-ia32/-/win32-ia32-0.25.12.tgz#918942dcbbb35cc14fca39afb91b5e6a3d127267"
  integrity sha512-HkqnmmBoCbCwxUKKNPBixiWDGCpQGVsrQfJoVGYLPT41XWF8lHuE5N6WhVia2n4o5QK5M4tYr21827fNhi4byQ==

"@esbuild/win32-x64@0.25.12":
  version "0.25.12"
  resolved "https://registry.yarnpkg.com/@esbuild/win32-x64/-/win32-x64-0.25.12.tgz#9bdad8176be7811ad148d1f8772359041f46c6c5"
  integrity sha512-alJC0uCZpTFrSL0CCDjcgleBXPnCrEAhTBILpeAp7M/OFgoqtAetfBzX0xM00MUsVVPpVjlPuMbREqnZCXaTnA==

"@napi-rs/lzma-linux-x64-gnu@1.5.1":
  version "1.5.1"
  resolved "https://registry.yarnpkg.com/@napi-rs/lzma-linux-x64-gnu/-/lzma-linux-x64-gnu-1.5.1.tgz#e57d4306966078662038094fb38eb9146dc3aea9"
  integrity sha512-oTXEIha4SsuXdTA4Iyskj0kpdx2yVXdhd75c2v3xGrHFfVMsbhTPZU/nMPL4sWKo4pBHm3aucLaqGlF696dTyQ==

"@rollup/rollup-android-arm-eabi@4.63.5":
  version "4.63.5"
  resolved "https://registry.yarnpkg.com/@rollup/rollup-android-arm-eabi/-/rollup-android-arm-eabi-4.63.5.tgz#7bb325dcd3430b3d7af484099beed53808b1a5a8"
  integrity sha512-J25QJU+B78T4FhhBsNpLJyVWOi31mwtpcMwywHmOKH65Q9IWGA81gPj+dnwlhU8wktVriYE+tFAaQgrnJRzAZg==

"@rollup/rollup-android-arm64@4.63.5":
  version "4.63.5"
  resolved "https://registry.yarnpkg.com/@rollup/rollup-android-arm64/-/rollup-android-arm64-4.63.5.tgz#67004291958ef28d2964fc9b6a28356fe54f43a7"
  integrity sha512-LDopB3zuZM5Ux9TT2luNEBJW/tYbGU2g1d+VpKk6I+gSKDb+/7sYE6M225gRQt4RbMX6MSwMsVR/phdjVUgRLg==

"@rollup/rollup-darwin-arm64@4.63.5":
  version "4.63.5"
  resolved "https://registry.yarnpkg.com/@rollup/rollup-darwin-arm64/-/rollup-darwin-arm64-4.63.5.tgz#4716ffe09f8c5b98e283a52cd792b3de2b71676b"
  integrity sha512-wlJEERGfeuHeBavCL2qVnNacOK43NDoZM4sjkeRPymd04OAE9T1zBqDJgmZ+CIsPTYKwdzpUC8vmOw84dwY4Tg==

"@rollup/rollup-darwin-x64@4.63.5":
  version "4.63.5"
  resolved "https://registry.yarnpkg.com/@rollup/rollup-darwin-x64/-/rollup-darwin-x64-4.63.5.tgz#2963c46403c7ff0dd733bfddc0896764a01b5b7e"
  integrity sha512-4nJJGg5jbo2wwPP4JP+LfEBA3bvP8rU9CLuhp7jWvq9sxEyhjQFTFdrqi+/dHEin/pd8jpT0vcehIpnZtmEdcQ==

"@rollup/rollup-freebsd-arm64@4.63.5":
  version "4.63.5"
  resolved "https://registry.yarnpkg.com/@rollup/rollup-freebsd-arm64/-/rollup-freebsd-arm64-4.63.5.tgz#29ae00b822102724aebee73bd093137c28317a78"
  integrity sha512-DrZbyCDF1hneuO6jRbvZ2D7+PIBM6yIwYnJpg2vIk58T+wuFpiaGZrfUr59lDWw45bg+IrpTGLPiNi/Fk4w3Cg==

"@rollup/rollup-freebsd-x64@4.63.5":
  version "4.63.5"
  resolved "https://registry.yarnpkg.com/@rollup/rollup-freebsd-x64/-/rollup-freebsd-x64-4.63.5.tgz#15184a119e4cb040cc293f7213186ec6d0b412a8"
  integrity sha512-gqfUVMJMB3mehqywxp6hTBFfgtMQykZY19+cfiaYP0toIJLb/1DZRJHVkQQGP13W4TAwfZDWeg1qBcheTRioXQ==

"@rollup/rollup-linux-arm-gnueabihf@4.63.5":
  version "4.63.5"
  resolved "https://registry.yarnpkg.com/@rollup/rollup-linux-arm-gnueabihf/-/rollup-linux-arm-gnueabihf-4.63.5.tgz#b9bce0674655718695b985dde1eba89cdc592bb1"
  integrity sha512-CFmhpvAwzSaWMlN3VN7UtmoTihlZNzoP0juQib5TQRnYUyDV8dXeWOp29sobWAT6gXl/hQgAClLlEiYozQG3OQ==

"@rollup/rollup-linux-arm-musleabihf@4.63.5":
  version "4.63.5"
  resolved "https://registry.yarnpkg.com/@rollup/rollup-linux-arm-musleabihf/-/rollup-linux-arm-musleabihf-4.63.5.tgz#381f678b487fb02331fca2dfe2d0ecab173504b0"
  integrity sha512-Uc9H8eXCOayV6JLTH5bXKMId6qbhNHa818/BgYjm4jrlq3vZquC9cqyvHBw17xy5Mnj5f+I3gFK5JcEf3hSqrw==

"@rollup/rollup-linux-arm64-gnu@4.63.5":
  version "4.63.5"
  resolved "https://registry.yarnpkg.com/@rollup/rollup-linux-arm64-gnu/-/rollup-linux-arm64-gnu-4.63.5.tgz#fff99e3aff1ad28fe8506c6fd6e845c7b2848243"
  integrity sha512-VcPr/szv/1BFw112Kt//fxulXt/JPqzzidU84iW68L2DdjnOO8QFUv2zTSYBEPHD6movBD4z+bbr5y60GYM7Jw==

"@rollup/rollup-linux-arm64-musl@4.63.5":
  version "4.63.5"
  resolved "https://registry.yarnpkg.com/@rollup/rollup-linux-arm64-musl/-/rollup-linux-arm64-musl-4.63.5.tgz#09256328fe580cc8a029265416ff59be1dfe0161"
  integrity sha512-BnxtJ5/91BrIHYIkGrmjz/lbMhqEHt1dPFqIxIFR+jPn0xVc/oUSCtIT089zfp5ufwGDlYz2UC+Fe1SRBpYFbQ==

"@rollup/rollup-linux-loong64-gnu@4.63.5":
  version "4.63.5"
  resolved "https://registry.yarnpkg.com/@rollup/rollup-linux-loong64-gnu/-/rollup-linux-loong64-gnu-4.63.5.tgz#dfa073286e662ab77ac7ee842fd676433b8d7fd3"
  integrity sha512-LrYcHZwF+fAMNKHYTOQ5osWM4AZF7YF6D+XtsjDyEvljtt11twc+zHVXBLNEjxVSUnKYsOhvVz4Z213eW02COQ==

"@rollup/rollup-linux-loong64-musl@4.63.5":
  version "4.63.5"
  resolved "https://registry.yarnpkg.com/@rollup/rollup-linux-loong64-musl/-/rollup-linux-loong64-musl-4.63.5.tgz#2f1209655544f6d15b77da8d24ec28bc8bbc667b"
  integrity sha512-nj7QKQePAAUpCpJHtg0pR0W/b92A9NO17JS3BAQmHDn/yhmkir2p8llrKY9TOhleKIaSzy1JhxS3T9FVld6coA==

"@rollup/rollup-linux-ppc64-gnu@4.63.5":
  version "4.63.5"
  resolved "https://registry.yarnpkg.com/@rollup/rollup-linux-ppc64-gnu/-/rollup-linux-ppc64-gnu-4.63.5.tgz#e667444abc500697017089bcc8ce32059e4642a1"
  integrity sha512-5ylkX6dWMeBKge9nTU+Rxfb+ZfaCIJ9lRqIFaK0eAMcWp7OJbYnLveLgXmm0VrvuLKb8qIK+mHyH0qu88RM+iA==

"@rollup/rollup-linux-ppc64-musl@4.63.5":
  version "4.63.5"
  resolved "https://registry.yarnpkg.com/@rollup/rollup-linux-ppc64-musl/-/rollup-linux-ppc64-musl-4.63.5.tgz#326d503e7bcd6267936f512c793acc04235b8a6f"
  integrity sha512-oHK4ZHYFDKjZviK34I+NwgfbGxgI7ztrNxj2hPTSSNFgeq1a/lEd7dHV2fdGAuTH4Iym3RHJg+vAbWaWG4B7Zg==

"@rollup/rollup-linux-riscv64-gnu@4.63.5":
  version "4.63.5"
  resolved "https://registry.yarnpkg.com/@rollup/rollup-linux-riscv64-gnu/-/rollup-linux-riscv64-gnu-4.63.5.tgz#8e33fc5a52b24b943b011b77d89e52cdbc1b2008"
  integrity sha512-UcetmHZ6XOXuUByiKZyQmb55ZPr0LABr3Ec/HB9wKZn6CEAFWZkE+hsJErJ9hbPBC7nI0dKuELx7CoV6IM7TMg==

"@rollup/rollup-linux-riscv64-musl@4.63.5":
  version "4.63.5"
  resolved "https://registry.yarnpkg.com/@rollup/rollup-linux-riscv64-musl/-/rollup-linux-riscv64-musl-4.63.5.tgz#e4dfed2661b104ac1327252517239defd2c2d78f"
  integrity sha512-C5CmDPQBtvjVo8cgQsBs+w6WB0JLkiixhgi6hVLV11hERWdn/p0XcPU2OUcZzac9BPOFq7SbaHFa8r3SWEysCQ==

"@rollup/rollup-linux-s390x-gnu@4.63.5":
  version "4.63.5"
  resolved "https://registry.yarnpkg.com/@rollup/rollup-linux-s390x-gnu/-/rollup-linux-s390x-gnu-4.63.5.tgz#498ded2128f25f098397d7df61033fc9d2aa7305"
  integrity sha512-lHVQHJFKsuuxLMi3MQO9XVL8Tje3JR82CzB+QDKC5NWBcsIWuwsn9uIM5e3lBhI+fF1/s63qnyYqsg65+8rV/w==

"@rollup/rollup-linux-x64-gnu@4.63.5":
  version "4.63.5"
  resolved "https://registry.yarnpkg.com/@rollup/rollup-linux-x64-gnu/-/rollup-linux-x64-gnu-4.63.5.tgz#246449b1aa0ba3b9dda84e236547a814f87123cc"
  integrity sha512-3W9bTFcQNJn71cSJVM9RKIiZOy8DO/XLDii8Uv/Pm6WKqDRj7JV3ZfuXIEfyuy5LXpIzAbB/1M4Ukp9GKNa7nA==

"@rollup/rollup-linux-x64-musl@4.63.5":
  version "4.63.5"
  resolved "https://registry.yarnpkg.com/@rollup/rollup-linux-x64-musl/-/rollup-linux-x64-musl-4.63.5.tgz#c69d3758b6ef054762af9c5c828b5d8e5a246d24"
  integrity sha512-VDC7rRJlee/scpki96GZ27Omf6yU87s1YXwVTpjE5841faVlDYYT565rgfmoR1U0sqL7z5ivQSDjcsF6VRXyBA==

"@rollup/rollup-openbsd-x64@4.63.5":
  version "4.63.5"
  resolved "https://registry.yarnpkg.com/@rollup/rollup-openbsd-x64/-/rollup-openbsd-x64-4.63.5.tgz#52f3baf28fcf841884b976aac44110e68afd115e"
  integrity sha512-z86Ok2p4pTdv5xqCKZsTooO7yBEiaJR/HzU3Wx8RmWsPoLppnMKROhJusQob8B3IE1ghC343kUW9rC2r+Wf3ig==

"@rollup/rollup-openharmony-arm64@4.63.5":
  version "4.63.5"
  resolved "https://registry.yarnpkg.com/@rollup/rollup-openharmony-arm64/-/rollup-openharmony-arm64-4.63.5.tgz#a0ecc18c2c4505e962aa47102cbfaa57ad45f946"
  integrity sha512-IzQmj+xXwQFGhMAMKMQVXkMwMZN3TqkJgAE0nSsqvVwWWciP4AIPMmWRqOQ2GfX7TUDZr+xqGFcBS36CRPGw0g==

"@rollup/rollup-win32-arm64-msvc@4.63.5":
  version "4.63.5"
  resolved "https://registry.yarnpkg.com/@rollup/rollup-win32-arm64-msvc/-/rollup-win32-arm64-msvc-4.63.5.tgz#eaf0156b1f51f57900ca4072eef3d96bba4b6d68"
  integrity sha512-F6qpTaPc9bwBH85kjy0/BLmLSW1uv7AoOXCoRIkg2arlgCYlWYcAbiMkvZuAcaWk9TpCRG//okznLAqLGshkMw==

"@rollup/rollup-win32-ia32-msvc@4.63.5":
  version "4.63.5"
  resolved "https://registry.yarnpkg.com/@rollup/rollup-win32-ia32-msvc/-/rollup-win32-ia32-msvc-4.63.5.tgz#4cc3fd8848c066a4b96a38537966db9e0ffbb4cf"
  integrity sha512-igoDsTFhhwECBeGbUuLeIk7t8Y1apa+cs6mDWpx2EZ0ch7oEQgzHbFUXN9euoHekCAQzXdXApAGkV6jznS7tWw==

"@rollup/rollup-win32-x64-gnu@4.63.5":
  version "4.63.5"
  resolved "https://registry.yarnpkg.com/@rollup/rollup-win32-x64-gnu/-/rollup-win32-x64-gnu-4.63.5.tgz#0930078a2556dab95e2d67bcb52299e9f38e9328"
  integrity sha512-U3teMeMbXFmaM5D+OTJpsOXd+wV/qftIeYF9kBKL4v73641qyJmoXFtA28DQLsnmlyayEsTe72xpLHrArq6vHw==

"@rollup/rollup-win32-x64-msvc@4.63.5":
  version "4.63.5"
  resolved "https://registry.yarnpkg.com/@rollup/rollup-win32-x64-msvc/-/rollup-win32-x64-msvc-4.63.5.tgz#66e1eb4e47e993314699bfd03eaa54e36790e8d9"
  integrity sha512-ypfC34F3RKXvCXBglGqGMsUSMKlgwd1HX9AOAlx9RoZZ6GaI42YHVeKpzg3JG+wpBUJYTG+NNZhqbDWL8tBZkw==

"@types/css-font-loading-module@0.0.7":
  version "0.0.7"
  resolved "https://registry.yarnpkg.com/@types/css-font-loading-module/-/css-font-loading-module-0.0.7.tgz#2f98ede46acc0975de85c0b7b0ebe06041d24601"
  integrity sha512-nl09VhutdjINdWyXxHWN/w9zlNCfr60JUqJbd24YXUuCwgeL0TpFSdElCwb6cxfB6ybE19Gjj4g0jsgkXxKv1Q==

"@types/estree@1.0.9":
  version "1.0.9"
  resolved "https://registry.yarnpkg.com/@types/estree/-/estree-1.0.9.tgz#cf3f0e876d7bee15a93ab925b82bf570a3904a24"
  integrity sha512-GhdPgy1el4/ImP05X05Uw4cw2/M93BCUmnEvWZNStlCzEKME4Fkk+YpoA5OiHNQmoS7Cafb8Xa3Pya8m1Qrzeg==

"@types/zen-observable@0.8.3":
  version "0.8.3"
  resolved "https://registry.yarnpkg.com/@types/zen-observable/-/zen-observable-0.8.3.tgz#781d360c282436494b32fe7d9f7f8e64b3118aa3"
  integrity sha512-fbF6oTd4sGGy0xjHPKAt+eS2CrxJ3+6gQ3FGcBoIJR2TLAyCkCyI8JqZNy+FeON0AhVgNJoUumVoZQjBFUqHkw==

"@xstate/fsm@^1.4.0":
  version "1.6.5"
  resolved "https://registry.yarnpkg.com/@xstate/fsm/-/fsm-1.6.5.tgz#f599e301997ad7e3c572a0b1ff0696898081bea5"
  integrity sha512-b5o1I6aLNeYlU/3CPlj/Z91ybk1gUsKT+5NAJI+2W4UjvS5KLG28K9v5UvNoFVjHV8PajVZ00RH3vnjyQO7ZAw==

base64-arraybuffer@^1.0.1:
  version "1.0.2"
  resolved "https://registry.yarnpkg.com/base64-arraybuffer/-/base64-arraybuffer-1.0.2.tgz#1c37589a7c4b0746e34bd1feb951da2df01c1bdc"
  integrity sha512-I3yl4r9QB5ZRY3XuJVEPfc2XhZO6YweFPI+UovAzn+8/hb3oJ6lnysaFcjVpkCPfVWFUDvoZ8kmVDP7WyRtYtQ==

base64-js@1.5.1:
  version "1.5.1"
  resolved "https://registry.yarnpkg.com/base64-js/-/base64-js-1.5.1.tgz#1b1b440160a5bf7ad40b650f095963481903930a"
  integrity sha512-AKpaYlHn8t4SVbOHCy+b5+KKgvR4vrsD8vbvrbiQJps7fKDTkjkDry6ji0rUJjC0kzbNePLwzxq8iypo41qeWA==

esbuild@^0.25.0:
  version "0.25.12"
  resolved "https://registry.yarnpkg.com/esbuild/-/esbuild-0.25.12.tgz#97a1d041f4ab00c2fce2f838d2b9969a2d2a97a5"
  integrity sha512-bbPBYYrtZbkt6Os6FiTLCTFxvq4tt3JKall1vRwshA3fdVztsLAatFaZobhkBC8/BrPetoa0oksYoKXoG4ryJg==
  optionalDependencies:
    "@esbuild/aix-ppc64" "0.25.12"
    "@esbuild/android-arm" "0.25.12"
    "@esbuild/android-arm64" "0.25.12"
    "@esbuild/android-x64" "0.25.12"
    "@esbuild/darwin-arm64" "0.25.12"
    "@esbuild/darwin-x64" "0.25.12"
    "@esbuild/freebsd-arm64" "0.25.12"
    "@esbuild/freebsd-x64" "0.25.12"
    "@esbuild/linux-arm" "0.25.12"
    "@esbuild/linux-arm64" "0.25.12"
    "@esbuild/linux-ia32" "0.25.12"
    "@esbuild/linux-loong64" "0.25.12"
    "@esbuild/linux-mips64el" "0.25.12"
    "@esbuild/linux-ppc64" "0.25.12"
    "@esbuild/linux-riscv64" "0.25.12"
    "@esbuild/linux-s390x" "0.25.12"
    "@esbuild/linux-x64" "0.25.12"
    "@esbuild/netbsd-arm64" "0.25.12"
    "@esbuild/netbsd-x64" "0.25.12"
    "@esbuild/openbsd-arm64" "0.25.12"
    "@esbuild/openbsd-x64" "0.25.12"
    "@esbuild/openharmony-arm64" "0.25.12"
    "@esbuild/sunos-x64" "0.25.12"
    "@esbuild/win32-arm64" "0.25.12"
    "@esbuild/win32-ia32" "0.25.12"
    "@esbuild/win32-x64" "0.25.12"

fdir@^6.4.4, fdir@^6.5.0:
  version "6.5.0"
  resolved "https://registry.yarnpkg.com/fdir/-/fdir-6.5.0.tgz#ed2ab967a331ade62f18d077dae192684d50d350"
  integrity sha512-tIbYtZbucOs0BRGqPJkshJUYdL+SDH7dVM8gjy+ERp3WAUjLEFJE+02kanyHtwjWOnwrKYBiwAmM0p4kLJAnXg==

fsevents@~2.3.2, fsevents@~2.3.3:
  version "2.3.3"
  resolved "https://registry.yarnpkg.com/fsevents/-/fsevents-2.3.3.tgz#cac6407785d03675a2a5e1a5305c697b347d90d6"
  integrity sha512-5xoDfX+fL7faATnagmWPpbFtwh/R77WmMMqqHGS65C3vvB0YHrgF+B1YmZ3441tMj5n63k0212XNoJwzlhffQw==

idb@8.0.0:
  version "8.0.0"
  resolved "https://registry.yarnpkg.com/idb/-/idb-8.0.0.tgz#33d7ed894ed36e23bcb542fb701ad579bfaad41f"
  integrity sha512-l//qvlAKGmQO31Qn7xdzagVPPaHTxXx199MhrAFuVBTPqydcPYBWjkrbv4Y0ktB+GmWOiwHl237UUOrLmQxLvw==

js-base64@^3.7.5:
  version "3.9.4"
  resolved "https://registry.yarnpkg.com/js-base64/-/js-base64-3.9.4.tgz#bc4d811fd52105848df55bc80ca401d963020e6d"
  integrity sha512-PtOMXpEGuP0RRiRXsjzHzl44dMHxSu2CPvAhinupR1tBa88me+1DPqsobl7eupn5UukjLkln1ZnAOAOXOrYG0Q==

mitt@^3.0.0:
  version "3.0.1"
  resolved "https://registry.yarnpkg.com/mitt/-/mitt-3.0.1.tgz#ea36cf0cc30403601ae074c8f77b7092cdab36d1"
  integrity sha512-vKivATfr97l2/QBCYAkXYDbrIWPM2IIKEl7YPhjCvKlG3kE2gm+uBo6nEXK3M5/Ffh/FLpKExzOQ3JJoJGFKBw==

nanoid@^3.3.18:
  version "3.3.19"
  resolved "https://registry.yarnpkg.com/nanoid/-/nanoid-3.3.19.tgz#336d4aa4bcd4fb24d2cddede7ffeae40bec03f0a"
  integrity sha512-Y2tUNy4ouw6tq5oDSKeQYGOyhkUBhNOcGV/02KC+6kd9eDGqdZd++mjMiIDilrBYvjEnCYvVtsuHCuP+okSfug==

picocolors@^1.1.1:
  version "1.1.1"
  resolved "https://registry.yarnpkg.com/picocolors/-/picocolors-1.1.1.tgz#3d321af3eab939b083c8f929a1d12cda81c26b6b"
  integrity sha512-xceH2snhtb5M9liqDsmEw56le376mTZkEX/jEb/RxNFyegNul7eNslCXP9FDj/Lcu0X8KEyMceP2ntpaHrDEVA==

picomatch@^4.0.2, picomatch@^4.0.4:
  version "4.0.7"
  resolved "https://registry.yarnpkg.com/picomatch/-/picomatch-4.0.7.tgz#6313360034ccb36b3dc61ecbdff78121f90fe21f"
  integrity sha512-qcJu88Q2IWqJsDD529JKMdwGm/dvInW4HvQnRwiH9JtihJvzGOscDtHE3x1pBKeUOTysQ8kVmLnJ2kJu7yhcGA==

postcss@^8.4.38, postcss@^8.5.3:
  version "8.5.28"
  resolved "https://registry.yarnpkg.com/postcss/-/postcss-8.5.28.tgz#da4563a99a06e62d6c1cd1acae363224bcaed6e9"
  integrity sha512-RRuzqDtt5Y9h3quz5hWhK+TPnsmVs6WwSU6LkJMeY4HstUEDuYTG8UJSdawMRzmzAtV+KEoG8N3Qg2qLy5vM/A==
  dependencies:
    nanoid "^3.3.18"
    picocolors "^1.1.1"
    source-map-js "^1.2.1"

rollup@^4.34.9:
  version "4.63.5"
  resolved "https://registry.yarnpkg.com/rollup/-/rollup-4.63.5.tgz#f3f4686d0874a544ce5497380f132d8b675b4e59"
  integrity sha512-KRWwmNLlPw5M7HcdYfm15oBv9n9LPtjzpzCIxS/phwqvPyxHSoKX6Y2YU3pxSPfy0CLquVgsx/j/hBi6OvH1Nw==
  dependencies:
    "@types/estree" "1.0.9"
  optionalDependencies:
    "@napi-rs/lzma-linux-x64-gnu" "1.5.1"
    "@rollup/rollup-android-arm-eabi" "4.63.5"
    "@rollup/rollup-android-arm64" "4.63.5"
    "@rollup/rollup-darwin-arm64" "4.63.5"
    "@rollup/rollup-darwin-x64" "4.63.5"
    "@rollup/rollup-freebsd-arm64" "4.63.5"
    "@rollup/rollup-freebsd-x64" "4.63.5"
    "@rollup/rollup-linux-arm-gnueabihf" "4.63.5"
    "@rollup/rollup-linux-arm-musleabihf" "4.63.5"
    "@rollup/rollup-linux-arm64-gnu" "4.63.5"
    "@rollup/rollup-linux-arm64-musl" "4.63.5"
    "@rollup/rollup-linux-loong64-gnu" "4.63.5"
    "@rollup/rollup-linux-loong64-musl" "4.63.5"
    "@rollup/rollup-linux-ppc64-gnu" "4.63.5"
    "@rollup/rollup-linux-ppc64-musl" "4.63.5"
    "@rollup/rollup-linux-riscv64-gnu" "4.63.5"
    "@rollup/rollup-linux-riscv64-musl" "4.63.5"
    "@rollup/rollup-linux-s390x-gnu" "4.63.5"
    "@rollup/rollup-linux-x64-gnu" "4.63.5"
    "@rollup/rollup-linux-x64-musl" "4.63.5"
    "@rollup/rollup-openbsd-x64" "4.63.5"
    "@rollup/rollup-openharmony-arm64" "4.63.5"
    "@rollup/rollup-win32-arm64-msvc" "4.63.5"
    "@rollup/rollup-win32-ia32-msvc" "4.63.5"
    "@rollup/rollup-win32-x64-gnu" "4.63.5"
    "@rollup/rollup-win32-x64-msvc" "4.63.5"
    fsevents "~2.3.2"

safe-json-stringify@1.2.0:
  version "1.2.0"
  resolved "https://registry.yarnpkg.com/safe-json-stringify/-/safe-json-stringify-1.2.0.tgz#356e44bc98f1f93ce45df14bcd7c01cda86e0afd"
  integrity sha512-gH8eh2nZudPQO6TytOvbxnuhYBOvDBBLW52tz5q6X58lJcd/tkmqFR+5Z9adS8aJtURSXWThWy/xJtJwixErvg==

source-map-js@^1.2.1:
  version "1.2.1"
  resolved "https://registry.yarnpkg.com/source-map-js/-/source-map-js-1.2.1.tgz#1ce5650fddd87abc099eda37dcff024c2667ae46"
  integrity sha512-UXWMKhLOwVKb728IUtQPXxfYU+usdybtUrK/8uGE8CQMvrhOpwvzDBwj0QhSL7MQc7vIsISBG8VQ8+IDQxpfQA==

tinyglobby@^0.2.13:
  version "0.2.17"
  resolved "https://registry.yarnpkg.com/tinyglobby/-/tinyglobby-0.2.17.tgz#562a9a6c9eb2b3b123d39719f9af5bb44fcd7631"
  integrity sha512-wXR/dYpcqKmfWpEdZjiKJOwCNFndD0DMnrW/cYjVGttEkBfVgcLFHoNrlj47mjOVic9yyNu65alsgF4NQyTa2g==
  dependencies:
    fdir "^6.5.0"
    picomatch "^4.0.4"

tslib@^2.4.1:
  version "2.8.1"
  resolved "https://registry.yarnpkg.com/tslib/-/tslib-2.8.1.tgz#612efe4ed235d567e8aba5f2a5fab70280ade83f"
  integrity sha512-oJFu94HQb+KVduSUQL7wnpmqnfmLsOA/nAh6b6EH0wCEoK0/mPeXU6c3wKDV83MkOuHPRHtSXKKU99IBazS/2w==

typescript@^5.9.2:
  version "5.9.3"
  resolved "https://registry.yarnpkg.com/typescript/-/typescript-5.9.3.tgz#5b4f59e15310ab17a216f5d6cf53ee476ede670f"
  integrity sha512-jl1vZzPDinLr9eUt3J/t7V6FgNEw9QjvBPdysz9KfQDD41fQrC2Y4vKQdiaUpFT4bXlb1RHhLpp8wtm6M5TgSw==

unfetch@4.1.0:
  version "4.1.0"
  resolved "https://registry.yarnpkg.com/unfetch/-/unfetch-4.1.0.tgz#6ec2dd0de887e58a4dee83a050ded80ffc4137db"
  integrity sha512-crP/n3eAPUJxZXM9T80/yv0YhkTEx2K1D3h7D1AJM6fzsWZrxdyRuLN0JH/dkZh1LNH8LxCnBzoPFCPbb2iGpg==

vite@^6.4.2:
  version "6.4.3"
  resolved "https://registry.yarnpkg.com/vite/-/vite-6.4.3.tgz#85a164db7ce706f2a776812efa2b340f1721858e"
  integrity sha512-NTKlcQjlAK7MlQoyb6LgaqHc8sso/pVyUJYWMws3jg21uTJw/LddqIFPcPqP6PzpgbIcZyKI85sFE4HBrQDA8A==
  dependencies:
    esbuild "^0.25.0"
    fdir "^6.4.4"
    picomatch "^4.0.2"
    postcss "^8.5.3"
    rollup "^4.34.9"
    tinyglobby "^0.2.13"
  optionalDependencies:
    fsevents "~2.3.3"

web-vitals@6.2.1:
  version "6.2.1"
  resolved "https://registry.yarnpkg.com/web-vitals/-/web-vitals-6.2.1.tgz#1a5c857ceffc8cc25d3977f91b05f2a37505353c"
  integrity sha512-rLcLXA2sx6+9dE88NHFubwTtGxpK4yYBLj6qHPdFoCaLr0cXGb4efOqtKLlm4loGA4OEKHIQKMKzZkKyOh5ctw==

zen-observable@0.10.0:
  version "0.10.0"
  resolved "https://registry.yarnpkg.com/zen-observable/-/zen-observable-0.10.0.tgz#ee10eba75272897dbee5f152ab26bb5e0107f0c8"
  integrity sha512-iI3lT0iojZhKwT5DaFy2Ce42n3yFcLdFyOh01G7H0flMY60P8MJuVFEoJoNwXlmAyQ45GrjL6AcZmmlv8A5rbw==
