// !$*UTF8*$!
{
	archiveVersion = 1;
	classes = {
	};
	objectVersion = 55;
	objects = {

/* Begin PBXBuildFile section */
		3E3B5F85274F5139003D95E1 /* AppDelegate.m in Sources */ = {isa = PBXBuildFile; fileRef = 3E3B5F84274F5139003D95E1 /* AppDelegate.m */; };
		3E3B5F88274F5139003D95E1 /* SceneDelegate.m in Sources */ = {isa = PBXBuildFile; fileRef = 3E3B5F87274F5139003D95E1 /* SceneDelegate.m */; };
		3E3B5F8B274F5139003D95E1 /* ViewController.m in Sources */ = {isa = PBXBuildFile; fileRef = 3E3B5F8A274F5139003D95E1 /* ViewController.m */; };
		3E3B5F8E274F5139003D95E1 /* Main.storyboard in Resources */ = {isa = PBXBuildFile; fileRef = 3E3B5F8C274F5139003D95E1 /* Main.storyboard */; };
		3E3B5F90274F513F003D95E1 /* Assets.xcassets in Resources */ = {isa = PBXBuildFile; fileRef = 3E3B5F8F274F513F003D95E1 /* Assets.xcassets */; };
		3E3B5F93274F513F003D95E1 /* LaunchScreen.storyboard in Resources */ = {isa = PBXBuildFile; fileRef = 3E3B5F91274F513F003D95E1 /* LaunchScreen.storyboard */; };
		3E3B5F96274F513F003D95E1 /* main.m in Sources */ = {isa = PBXBuildFile; fileRef = 3E3B5F95274F513F003D95E1 /* main.m */; };
		3E3B5FA0274F558D003D95E1 /* Ampli.m in Sources */ = {isa = PBXBuildFile; fileRef = 3E3B5F9D274F558D003D95E1 /* Ampli.m */; };
		3E3B5FC2275947E8003D95E1 /* AmpliTests.m in Sources */ = {isa = PBXBuildFile; fileRef = 3E3B5FC1275947E8003D95E1 /* AmpliTests.m */; };
		BA1657482AC3FE7100367475 /* AmplitudeSwift in Frameworks */ = {isa = PBXBuildFile; productRef = BA1657472AC3FE7100367475 /* AmplitudeSwift */; };
/* End PBXBuildFile section */

/* Begin PBXContainerItemProxy section */
		3E3B5FBC2759438C003D95E1 /* PBXContainerItemProxy */ = {
			isa = PBXContainerItemProxy;
			containerPortal = 3E3B5F78274F5139003D95E1 /* Project object */;
			proxyType = 1;
			remoteGlobalIDString = 3E3B5F7F274F5139003D95E1;
			remoteInfo = AmpliObjectiveCSampleApp;
		};
/* End PBXContainerItemProxy section */

/* Begin PBXFileReference section */
		3E3B5F80274F5139003D95E1 /* AmpliObjectiveCSampleApp.app */ = {isa = PBXFileReference; explicitFileType = wrapper.application; includeInIndex = 0; path = AmpliObjectiveCSampleApp.app; sourceTree = BUILT_PRODUCTS_DIR; };
		3E3B5F83274F5139003D95E1 /* AppDelegate.h */ = {isa = PBXFileReference; lastKnownFileType = sourcecode.c.h; path = AppDelegate.h; sourceTree = "<group>"; };
		3E3B5F84274F5139003D95E1 /* AppDelegate.m */ = {isa = PBXFileReference; lastKnownFileType = sourcecode.c.objc; path = AppDelegate.m; sourceTree = "<group>"; };
		3E3B5F86274F5139003D95E1 /* SceneDelegate.h */ = {isa = PBXFileReference; lastKnownFileType = sourcecode.c.h; path = SceneDelegate.h; sourceTree = "<group>"; };
		3E3B5F87274F5139003D95E1 /* SceneDelegate.m */ = {isa = PBXFileReference; lastKnownFileType = sourcecode.c.objc; path = SceneDelegate.m; sourceTree = "<group>"; };
		3E3B5F89274F5139003D95E1 /* ViewController.h */ = {isa = PBXFileReference; lastKnownFileType = sourcecode.c.h; path = ViewController.h; sourceTree = "<group>"; };
		3E3B5F8A274F5139003D95E1 /* ViewController.m */ = {isa = PBXFileReference; lastKnownFileType = sourcecode.c.objc; path = ViewController.m; sourceTree = "<group>"; };
		3E3B5F8D274F5139003D95E1 /* Base */ = {isa = PBXFileReference; lastKnownFileType = file.storyboard; name = Base; path = Base.lproj/Main.storyboard; sourceTree = "<group>"; };
		3E3B5F8F274F513F003D95E1 /* Assets.xcassets */ = {isa = PBXFileReference; lastKnownFileType = folder.assetcatalog; path = Assets.xcassets; sourceTree = "<group>"; };
		3E3B5F92274F513F003D95E1 /* Base */ = {isa = PBXFileReference; lastKnownFileType = file.storyboard; name = Base; path = Base.lproj/LaunchScreen.storyboard; sourceTree = "<group>"; };
		3E3B5F94274F513F003D95E1 /* Info.plist */ = {isa = PBXFileReference; lastKnownFileType = text.plist.xml; path = Info.plist; sourceTree = "<group>"; };
		3E3B5F95274F513F003D95E1 /* main.m */ = {isa = PBXFileReference; lastKnownFileType = sourcecode.c.objc; path = main.m; sourceTree = "<group>"; };
		3E3B5F9D274F558D003D95E1 /* Ampli.m */ = {isa = PBXFileReference; fileEncoding = 4; lastKnownFileType = sourcecode.c.objc; path = Ampli.m; sourceTree = "<group>"; };
		3E3B5F9F274F558D003D95E1 /* Ampli.h */ = {isa = PBXFileReference; fileEncoding = 4; lastKnownFileType = sourcecode.c.h; path = Ampli.h; sourceTree = "<group>"; };
		3E3B5FB82759438C003D95E1 /* AmpliObjectiveCSampleAppTests.xctest */ = {isa = PBXFileReference; explicitFileType = wrapper.cfbundle; includeInIndex = 0; path = AmpliObjectiveCSampleAppTests.xctest; sourceTree = BUILT_PRODUCTS_DIR; };
		3E3B5FC1275947E8003D95E1 /* AmpliTests.m */ = {isa = PBXFileReference; lastKnownFileType = sourcecode.c.objc; path = AmpliTests.m; sourceTree = "<group>"; };
/* End PBXFileReference section */

/* Begin PBXFrameworksBuildPhase section */
		3E3B5F7D274F5139003D95E1 /* Frameworks */ = {
			isa = PBXFrameworksBuildPhase;
			buildActionMask = 2147483647;
			files = (
				BA1657482AC3FE7100367475 /* AmplitudeSwift in Frameworks */,
			);
			runOnlyForDeploymentPostprocessing = 0;
		};
		3E3B5FB52759438C003D95E1 /* Frameworks */ = {
			isa = PBXFrameworksBuildPhase;
			buildActionMask = 2147483647;
			files = (
			);
			runOnlyForDeploymentPostprocessing = 0;
		};
/* End PBXFrameworksBuildPhase section */

/* Begin PBXGroup section */
		3E3B5F77274F5139003D95E1 = {
			isa = PBXGroup;
			children = (
				3E3B5F82274F5139003D95E1 /* AmpliObjectiveCSampleApp */,
				3E3B5FB92759438C003D95E1 /* AmpliObjectiveCSampleAppTests */,
				3E3B5F81274F5139003D95E1 /* Products */,
				AC0776CE16F572A113FE1618 /* Pods */,
			);
			sourceTree = "<group>";
		};
		3E3B5F81274F5139003D95E1 /* Products */ = {
			isa = PBXGroup;
			children = (
				3E3B5F80274F5139003D95E1 /* AmpliObjectiveCSampleApp.app */,
				3E3B5FB82759438C003D95E1 /* AmpliObjectiveCSampleAppTests.xctest */,
			);
			name = Products;
			sourceTree = "<group>";
		};
		3E3B5F82274F5139003D95E1 /* AmpliObjectiveCSampleApp */ = {
			isa = PBXGroup;
			children = (
				3E3B5F9C274F558D003D95E1 /* Ampli */,
				3E3B5F83274F5139003D95E1 /* AppDelegate.h */,
				3E3B5F84274F5139003D95E1 /* AppDelegate.m */,
				3E3B5F86274F5139003D95E1 /* SceneDelegate.h */,
				3E3B5F87274F5139003D95E1 /* SceneDelegate.m */,
				3E3B5F89274F5139003D95E1 /* ViewController.h */,
				3E3B5F8A274F5139003D95E1 /* ViewController.m */,
				3E3B5F8C274F5139003D95E1 /* Main.storyboard */,
				3E3B5F8F274F513F003D95E1 /* Assets.xcassets */,
				3E3B5F91274F513F003D95E1 /* LaunchScreen.storyboard */,
				3E3B5F94274F513F003D95E1 /* Info.plist */,
				3E3B5F95274F513F003D95E1 /* main.m */,
			);
			path = AmpliObjectiveCSampleApp;
			sourceTree = "<group>";
		};
		3E3B5F9C274F558D003D95E1 /* Ampli */ = {
			isa = PBXGroup;
			children = (
				3E3B5F9D274F558D003D95E1 /* Ampli.m */,
				3E3B5F9F274F558D003D95E1 /* Ampli.h */,
			);
			path = Ampli;
			sourceTree = "<group>";
		};
		3E3B5FB92759438C003D95E1 /* AmpliObjectiveCSampleAppTests */ = {
			isa = PBXGroup;
			children = (
				3E3B5FC1275947E8003D95E1 /* AmpliTests.m */,
			);
			path = AmpliObjectiveCSampleAppTests;
			sourceTree = "<group>";
		};
		AC0776CE16F572A113FE1618 /* Pods */ = {
			isa = PBXGroup;
			children = (
			);
			path = Pods;
			sourceTree = "<group>";
		};
/* End PBXGroup section */

/* Begin PBXNativeTarget section */
		3E3B5F7F274F5139003D95E1 /* AmpliObjectiveCSampleApp */ = {
			isa = PBXNativeTarget;
			buildConfigurationList = 3E3B5F99274F513F003D95E1 /* Build configuration list for PBXNativeTarget "AmpliObjectiveCSampleApp" */;
			buildPhases = (
				3E3B5F7C274F5139003D95E1 /* Sources */,
				3E3B5F7D274F5139003D95E1 /* Frameworks */,
				3E3B5F7E274F5139003D95E1 /* Resources */,
			);
			buildRules = (
			);
			dependencies = (
			);
			name = AmpliObjectiveCSampleApp;
			packageProductDependencies = (
				BA1657472AC3FE7100367475 /* AmplitudeSwift */,
			);
			productName = AmpliObjectiveCSampleApp;
			productReference = 3E3B5F80274F5139003D95E1 /* AmpliObjectiveCSampleApp.app */;
			productType = "com.apple.product-type.application";
		};
		3E3B5FB72759438C003D95E1 /* AmpliObjectiveCSampleAppTests */ = {
			isa = PBXNativeTarget;
			buildConfigurationList = 3E3B5FC02759438C003D95E1 /* Build configuration list for PBXNativeTarget "AmpliObjectiveCSampleAppTests" */;
			buildPhases = (
				3E3B5FB42759438C003D95E1 /* Sources */,
				3E3B5FB52759438C003D95E1 /* Frameworks */,
				3E3B5FB62759438C003D95E1 /* Resources */,
			);
			buildRules = (
			);
			dependencies = (
				3E3B5FBD2759438C003D95E1 /* PBXTargetDependency */,
			);
			name = AmpliObjectiveCSampleAppTests;
			productName = AmpliObjectiveCSampleAppTests;
			productReference = 3E3B5FB82759438C003D95E1 /* AmpliObjectiveCSampleAppTests.xctest */;
			productType = "com.apple.product-type.bundle.unit-test";
		};
/* End PBXNativeTarget section */

/* Begin PBXProject section */
		3E3B5F78274F5139003D95E1 /* Project object */ = {
			isa = PBXProject;
			attributes = {
				BuildIndependentTargetsInParallel = 1;
				LastUpgradeCheck = 1310;
				TargetAttributes = {
					3E3B5F7F274F5139003D95E1 = {
						CreatedOnToolsVersion = 13.1;
					};
					3E3B5FB72759438C003D95E1 = {
						CreatedOnToolsVersion = 13.1;
						TestTargetID = 3E3B5F7F274F5139003D95E1;
					};
				};
			};
			buildConfigurationList = 3E3B5F7B274F5139003D95E1 /* Build configuration list for PBXProject "AmpliObjectiveCSampleApp" */;
			compatibilityVersion = "Xcode 13.0";
			developmentRegion = en;
			hasScannedForEncodings = 0;
			knownRegions = (
				en,
				Base,
			);
			mainGroup = 3E3B5F77274F5139003D95E1;
			packageReferences = (
				BA1657462AC3FE7100367475 /* XCRemoteSwiftPackageReference "Amplitude-Swift" */,
			);
			productRefGroup = 3E3B5F81274F5139003D95E1 /* Products */;
			projectDirPath = "";
			projectRoot = "";
			targets = (
				3E3B5F7F274F5139003D95E1 /* AmpliObjectiveCSampleApp */,
				3E3B5FB72759438C003D95E1 /* AmpliObjectiveCSampleAppTests */,
			);
		};
/* End PBXProject section */

/* Begin PBXResourcesBuildPhase section */
		3E3B5F7E274F5139003D95E1 /* Resources */ = {
			isa = PBXResourcesBuildPhase;
			buildActionMask = 2147483647;
			files = (
				3E3B5F93274F513F003D95E1 /* LaunchScreen.storyboard in Resources */,
				3E3B5F90274F513F003D95E1 /* Assets.xcassets in Resources */,
				3E3B5F8E274F5139003D95E1 /* Main.storyboard in Resources */,
			);
			runOnlyForDeploymentPostprocessing = 0;
		};
		3E3B5FB62759438C003D95E1 /* Resources */ = {
			isa = PBXResourcesBuildPhase;
			buildActionMask = 2147483647;
			files = (
			);
			runOnlyForDeploymentPostprocessing = 0;
		};
/* End PBXResourcesBuildPhase section */

/* Begin PBXSourcesBuildPhase section */
		3E3B5F7C274F5139003D95E1 /* Sources */ = {
			isa = PBXSourcesBuildPhase;
			buildActionMask = 2147483647;
			files = (
				3E3B5FA0274F558D003D95E1 /* Ampli.m in Sources */,
				3E3B5F8B274F5139003D95E1 /* ViewController.m in Sources */,
				3E3B5F85274F5139003D95E1 /* AppDelegate.m in Sources */,
				3E3B5F96274F513F003D95E1 /* main.m in Sources */,
				3E3B5F88274F5139003D95E1 /* SceneDelegate.m in Sources */,
			);
			runOnlyForDeploymentPostprocessing = 0;
		};
		3E3B5FB42759438C003D95E1 /* Sources */ = {
			isa = PBXSourcesBuildPhase;
			buildActionMask = 2147483647;
			files = (
				3E3B5FC2275947E8003D95E1 /* AmpliTests.m in Sources */,
			);
			runOnlyForDeploymentPostprocessing = 0;
		};
/* End PBXSourcesBuildPhase section */

/* Begin PBXTargetDependency section */
		3E3B5FBD2759438C003D95E1 /* PBXTargetDependency */ = {
			isa = PBXTargetDependency;
			target = 3E3B5F7F274F5139003D95E1 /* AmpliObjectiveCSampleApp */;
			targetProxy = 3E3B5FBC2759438C003D95E1 /* PBXContainerItemProxy */;
		};
/* End PBXTargetDependency section */

/* Begin PBXVariantGroup section */
		3E3B5F8C274F5139003D95E1 /* Main.storyboard */ = {
			isa = PBXVariantGroup;
			children = (
				3E3B5F8D274F5139003D95E1 /* Base */,
			);
			name = Main.storyboard;
			sourceTree = "<group>";
		};
		3E3B5F91274F513F003D95E1 /* LaunchScreen.storyboard */ = {
			isa = PBXVariantGroup;
			children = (
				3E3B5F92274F513F003D95E1 /* Base */,
			);
			name = LaunchScreen.storyboard;
			sourceTree = "<group>";
		};
/* End PBXVariantGroup section */

/* Begin XCBuildConfiguration section */
		3E3B5F97274F513F003D95E1 /* Debug */ = {
			isa = XCBuildConfiguration;
			buildSettings = {
				ALWAYS_SEARCH_USER_PATHS = NO;
				CLANG_ANALYZER_NONNULL = YES;
				CLANG_ANALYZER_NUMBER_OBJECT_CONVERSION = YES_AGGRESSIVE;
				CLANG_CXX_LANGUAGE_STANDARD = "gnu++17";
				CLANG_CXX_LIBRARY = "libc++";
				CLANG_ENABLE_MODULES = YES;
				CLANG_ENABLE_OBJC_ARC = YES;
				CLANG_ENABLE_OBJC_WEAK = YES;
				CLANG_WARN_BLOCK_CAPTURE_AUTORELEASING = YES;
				CLANG_WARN_BOOL_CONVERSION = YES;
				CLANG_WARN_COMMA = YES;
				CLANG_WARN_CONSTANT_CONVERSION = YES;
				CLANG_WARN_DEPRECATED_OBJC_IMPLEMENTATIONS = YES;
				CLANG_WARN_DIRECT_OBJC_ISA_USAGE = YES_ERROR;
				CLANG_WARN_DOCUMENTATION_COMMENTS = YES;
				CLANG_WARN_EMPTY_BODY = YES;
				CLANG_WARN_ENUM_CONVERSION = YES;
				CLANG_WARN_INFINITE_RECURSION = YES;
				CLANG_WARN_INT_CONVERSION = YES;
				CLANG_WARN_NON_LITERAL_NULL_CONVERSION = YES;
				CLANG_WARN_OBJC_IMPLICIT_RETAIN_SELF = YES;
				CLANG_WARN_OBJC_LITERAL_CONVERSION = YES;
				CLANG_WARN_OBJC_ROOT_CLASS = YES_ERROR;
				CLANG_WARN_QUOTED_INCLUDE_IN_FRAMEWORK_HEADER = YES;
				CLANG_WARN_RANGE_LOOP_ANALYSIS = YES;
				CLANG_WARN_STRICT_PROTOTYPES = YES;
				CLANG_WARN_SUSPICIOUS_MOVE = YES;
				CLANG_WARN_UNGUARDED_AVAILABILITY = YES_AGGRESSIVE;
				CLANG_WARN_UNREACHABLE_CODE = YES;
				CLANG_WARN__DUPLICATE_METHOD_MATCH = YES;
				COPY_PHASE_STRIP = NO;
				DEBUG_INFORMATION_FORMAT = dwarf;
				ENABLE_STRICT_OBJC_MSGSEND = YES;
				ENABLE_TESTABILITY = YES;
				GCC_C_LANGUAGE_STANDARD = gnu11;
				GCC_DYNAMIC_NO_PIC = NO;
				GCC_NO_COMMON_BLOCKS = YES;
				GCC_OPTIMIZATION_LEVEL = 0;
				GCC_PREPROCESSOR_DEFINITIONS = (
					"DEBUG=1",
					"$(inherited)",
				);
				GCC_WARN_64_TO_32_BIT_CONVERSION = YES;
				GCC_WARN_ABOUT_RETURN_TYPE = YES_ERROR;
				GCC_WARN_UNDECLARED_SELECTOR = YES;
				GCC_WARN_UNINITIALIZED_AUTOS = YES_AGGRESSIVE;
				GCC_WARN_UNUSED_FUNCTION = YES;
				GCC_WARN_UNUSED_VARIABLE = YES;
				IPHONEOS_DEPLOYMENT_TARGET = 15.0;
				MTL_ENABLE_DEBUG_INFO = INCLUDE_SOURCE;
				MTL_FAST_MATH = YES;
				ONLY_ACTIVE_ARCH = YES;
				SDKROOT = iphoneos;
			};
			name = Debug;
		};
		3E3B5F98274F513F003D95E1 /* Release */ = {
			isa = XCBuildConfiguration;
			buildSettings = {
				ALWAYS_SEARCH_USER_PATHS = NO;
				CLANG_ANALYZER_NONNULL = YES;
				CLANG_ANALYZER_NUMBER_OBJECT_CONVERSION = YES_AGGRESSIVE;
				CLANG_CXX_LANGUAGE_STANDARD = "gnu++17";
				CLANG_CXX_LIBRARY = "libc++";
				CLANG_ENABLE_MODULES = YES;
				CLANG_ENABLE_OBJC_ARC = YES;
				CLANG_ENABLE_OBJC_WEAK = YES;
				CLANG_WARN_BLOCK_CAPTURE_AUTORELEASING = YES;
				CLANG_WARN_BOOL_CONVERSION = YES;
				CLANG_WARN_COMMA = YES;
				CLANG_WARN_CONSTANT_CONVERSION = YES;
				CLANG_WARN_DEPRECATED_OBJC_IMPLEMENTATIONS = YES;
				CLANG_WARN_DIRECT_OBJC_ISA_USAGE = YES_ERROR;
				CLANG_WARN_DOCUMENTATION_COMMENTS = YES;
				CLANG_WARN_EMPTY_BODY = YES;
				CLANG_WARN_ENUM_CONVERSION = YES;
				CLANG_WARN_INFINITE_RECURSION = YES;
				CLANG_WARN_INT_CONVERSION = YES;
				CLANG_WARN_NON_LITERAL_NULL_CONVERSION = YES;
				CLANG_WARN_OBJC_IMPLICIT_RETAIN_SELF = YES;
				CLANG_WARN_OBJC_LITERAL_CONVERSION = YES;
				CLANG_WARN_OBJC_ROOT_CLASS = YES_ERROR;
				CLANG_WARN_QUOTED_INCLUDE_IN_FRAMEWORK_HEADER = YES;
				CLANG_WARN_RANGE_LOOP_ANALYSIS = YES;
				CLANG_WARN_STRICT_PROTOTYPES = YES;
				CLANG_WARN_SUSPICIOUS_MOVE = YES;
				CLANG_WARN_UNGUARDED_AVAILABILITY = YES_AGGRESSIVE;
				CLANG_WARN_UNREACHABLE_CODE = YES;
				CLANG_WARN__DUPLICATE_METHOD_MATCH = YES;
				COPY_PHASE_STRIP = NO;
				DEBUG_INFORMATION_FORMAT = "dwarf-with-dsym";
				ENABLE_NS_ASSERTIONS = NO;
				ENABLE_STRICT_OBJC_MSGSEND = YES;
				GCC_C_LANGUAGE_STANDARD = gnu11;
				GCC_NO_COMMON_BLOCKS = YES;
				GCC_WARN_64_TO_32_BIT_CONVERSION = YES;
				GCC_WARN_ABOUT_RETURN_TYPE = YES_ERROR;
				GCC_WARN_UNDECLARED_SELECTOR = YES;
				GCC_WARN_UNINITIALIZED_AUTOS = YES_AGGRESSIVE;
				GCC_WARN_UNUSED_FUNCTION = YES;
				GCC_WARN_UNUSED_VARIABLE = YES;
				IPHONEOS_DEPLOYMENT_TARGET = 15.0;
				MTL_ENABLE_DEBUG_INFO = NO;
				MTL_FAST_MATH = YES;
				SDKROOT = iphoneos;
				VALIDATE_PRODUCT = YES;
			};
			name = Release;
		};
		3E3B5F9A274F513F003D95E1 /* Debug */ = {
			isa = XCBuildConfiguration;
			buildSettings = {
				ASSETCATALOG_COMPILER_APPICON_NAME = AppIcon;
				ASSETCATALOG_COMPILER_GLOBAL_ACCENT_COLOR_NAME = AccentColor;
				CODE_SIGN_STYLE = Automatic;
				CURRENT_PROJECT_VERSION = 1;
				GENERATE_INFOPLIST_FILE = YES;
				INFOPLIST_FILE = AmpliObjectiveCSampleApp/Info.plist;
				INFOPLIST_KEY_UIApplicationSupportsIndirectInputEvents = YES;
				INFOPLIST_KEY_UILaunchStoryboardName = LaunchScreen;
				INFOPLIST_KEY_UIMainStoryboardFile = Main;
				INFOPLIST_KEY_UISupportedInterfaceOrientations_iPad = "UIInterfaceOrientationPortrait UIInterfaceOrientationPortraitUpsideDown UIInterfaceOrientationLandscapeLeft UIInterfaceOrientationLandscapeRight";
				INFOPLIST_KEY_UISupportedInterfaceOrientations_iPhone = "UIInterfaceOrientationPortrait UIInterfaceOrientationLandscapeLeft UIInterfaceOrientationLandscapeRight";
				LD_RUNPATH_SEARCH_PATHS = (
					"$(inherited)",
					"@executable_path/Frameworks",
				);
				MARKETING_VERSION = 1.0;
				PRODUCT_BUNDLE_IDENTIFIER = com.amplitude.AmpliObjectiveCSampleApp;
				PRODUCT_NAME = "$(TARGET_NAME)";
				SWIFT_EMIT_LOC_STRINGS = YES;
				TARGETED_DEVICE_FAMILY = "1,2";
			};
			name = Debug;
		};
		3E3B5F9B274F513F003D95E1 /* Release */ = {
			isa = XCBuildConfiguration;
			buildSettings = {
				ASSETCATALOG_COMPILER_APPICON_NAME = AppIcon;
				ASSETCATALOG_COMPILER_GLOBAL_ACCENT_COLOR_NAME = AccentColor;
				CODE_SIGN_STYLE = Automatic;
				CURRENT_PROJECT_VERSION = 1;
				GENERATE_INFOPLIST_FILE = YES;
				INFOPLIST_FILE = AmpliObjectiveCSampleApp/Info.plist;
				INFOPLIST_KEY_UIApplicationSupportsIndirectInputEvents = YES;
				INFOPLIST_KEY_UILaunchStoryboardName = LaunchScreen;
				INFOPLIST_KEY_UIMainStoryboardFile = Main;
				INFOPLIST_KEY_UISupportedInterfaceOrientations_iPad = "UIInterfaceOrientationPortrait UIInterfaceOrientationPortraitUpsideDown UIInterfaceOrientationLandscapeLeft UIInterfaceOrientationLandscapeRight";
				INFOPLIST_KEY_UISupportedInterfaceOrientations_iPhone = "UIInterfaceOrientationPortrait UIInterfaceOrientationLandscapeLeft UIInterfaceOrientationLandscapeRight";
				LD_RUNPATH_SEARCH_PATHS = (
					"$(inherited)",
					"@executable_path/Frameworks",
				);
				MARKETING_VERSION = 1.0;
				PRODUCT_BUNDLE_IDENTIFIER = com.amplitude.AmpliObjectiveCSampleApp;
				PRODUCT_NAME = "$(TARGET_NAME)";
				SWIFT_EMIT_LOC_STRINGS = YES;
				TARGETED_DEVICE_FAMILY = "1,2";
			};
			name = Release;
		};
		3E3B5FBE2759438C003D95E1 /* Debug */ = {
			isa = XCBuildConfiguration;
			buildSettings = {
				BUNDLE_LOADER = "$(TEST_HOST)";
				CODE_SIGN_STYLE = Automatic;
				CURRENT_PROJECT_VERSION = 1;
				GENERATE_INFOPLIST_FILE = YES;
				LD_RUNPATH_SEARCH_PATHS = (
					"$(inherited)",
					"@executable_path/Frameworks",
					"@loader_path/Frameworks",
				);
				MARKETING_VERSION = 1.0;
				PRODUCT_BUNDLE_IDENTIFIER = com.amplitude.AmpliObjectiveCSampleAppTests;
				PRODUCT_NAME = "$(TARGET_NAME)";
				SWIFT_EMIT_LOC_STRINGS = NO;
				TARGETED_DEVICE_FAMILY = "1,2";
				TEST_HOST = "$(BUILT_PRODUCTS_DIR)/AmpliObjectiveCSampleApp.app/AmpliObjectiveCSampleApp";
			};
			name = Debug;
		};
		3E3B5FBF2759438C003D95E1 /* Release */ = {
			isa = XCBuildConfiguration;
			buildSettings = {
				BUNDLE_LOADER = "$(TEST_HOST)";
				CODE_SIGN_STYLE = Automatic;
				CURRENT_PROJECT_VERSION = 1;
				GENERATE_INFOPLIST_FILE = YES;
				LD_RUNPATH_SEARCH_PATHS = (
					"$(inherited)",
					"@executable_path/Frameworks",
					"@loader_path/Frameworks",
				);
				MARKETING_VERSION = 1.0;
				PRODUCT_BUNDLE_IDENTIFIER = com.amplitude.AmpliObjectiveCSampleAppTests;
				PRODUCT_NAME = "$(TARGET_NAME)";
				SWIFT_EMIT_LOC_STRINGS = NO;
				TARGETED_DEVICE_FAMILY = "1,2";
				TEST_HOST = "$(BUILT_PRODUCTS_DIR)/AmpliObjectiveCSampleApp.app/AmpliObjectiveCSampleApp";
			};
			name = Release;
		};
/* End XCBuildConfiguration section */

/* Begin XCConfigurationList section */
		3E3B5F7B274F5139003D95E1 /* Build configuration list for PBXProject "AmpliObjectiveCSampleApp" */ = {
			isa = XCConfigurationList;
			buildConfigurations = (
				3E3B5F97274F513F003D95E1 /* Debug */,
				3E3B5F98274F513F003D95E1 /* Release */,
			);
			defaultConfigurationIsVisible = 0;
			defaultConfigurationName = Release;
		};
		3E3B5F99274F513F003D95E1 /* Build configuration list for PBXNativeTarget "AmpliObjectiveCSampleApp" */ = {
			isa = XCConfigurationList;
			buildConfigurations = (
				3E3B5F9A274F513F003D95E1 /* Debug */,
				3E3B5F9B274F513F003D95E1 /* Release */,
			);
			defaultConfigurationIsVisible = 0;
			defaultConfigurationName = Release;
		};
		3E3B5FC02759438C003D95E1 /* Build configuration list for PBXNativeTarget "AmpliObjectiveCSampleAppTests" */ = {
			isa = XCConfigurationList;
			buildConfigurations = (
				3E3B5FBE2759438C003D95E1 /* Debug */,
				3E3B5FBF2759438C003D95E1 /* Release */,
			);
			defaultConfigurationIsVisible = 0;
			defaultConfigurationName = Release;
		};
/* End XCConfigurationList section */

/* Begin XCRemoteSwiftPackageReference section */
		BA1657462AC3FE7100367475 /* XCRemoteSwiftPackageReference "Amplitude-Swift" */ = {
			isa = XCRemoteSwiftPackageReference;
			repositoryURL = "https://github.com/amplitude/Amplitude-Swift";
			requirement = {
				kind = upToNextMajorVersion;
				minimumVersion = 0.7.2;
			};
		};
/* End XCRemoteSwiftPackageReference section */

/* Begin XCSwiftPackageProductDependency section */
		BA1657472AC3FE7100367475 /* AmplitudeSwift */ = {
			isa = XCSwiftPackageProductDependency;
			package = BA1657462AC3FE7100367475 /* XCRemoteSwiftPackageReference "Amplitude-Swift" */;
			productName = AmplitudeSwift;
		};
/* End XCSwiftPackageProductDependency section */
	};
	rootObject = 3E3B5F78274F5139003D95E1 /* Project object */;
}
