// !$*UTF8*$!
{
	archiveVersion = 1;
	classes = {
	};
	objectVersion = 55;
	objects = {

/* Begin PBXBuildFile section */
		3E3B5FB02758045C003D95E1 /* AmpliTests.swift in Sources */ = {isa = PBXBuildFile; fileRef = 3E3B5FAF2758045C003D95E1 /* AmpliTests.swift */; };
		3E3B5FB227583BC9003D95E1 /* TextView.swift in Sources */ = {isa = PBXBuildFile; fileRef = 3E3B5FB127583BC9003D95E1 /* TextView.swift */; };
		3E3B5FB327583BC9003D95E1 /* TextView.swift in Sources */ = {isa = PBXBuildFile; fileRef = 3E3B5FB127583BC9003D95E1 /* TextView.swift */; };
		3ECE2C3E273F7B6C004EAA2C /* AmpliSwiftSampleApp.xcdatamodeld in Sources */ = {isa = PBXBuildFile; fileRef = 3ECE2C2B273F7B65004EAA2C /* AmpliSwiftSampleApp.xcdatamodeld */; };
		3ECE2C3F273F7B6C004EAA2C /* AmpliSwiftSampleApp.xcdatamodeld in Sources */ = {isa = PBXBuildFile; fileRef = 3ECE2C2B273F7B65004EAA2C /* AmpliSwiftSampleApp.xcdatamodeld */; };
		3ECE2C40273F7B6C004EAA2C /* AmpliSwiftSampleAppApp.swift in Sources */ = {isa = PBXBuildFile; fileRef = 3ECE2C2D273F7B65004EAA2C /* AmpliSwiftSampleAppApp.swift */; };
		3ECE2C41273F7B6C004EAA2C /* AmpliSwiftSampleAppApp.swift in Sources */ = {isa = PBXBuildFile; fileRef = 3ECE2C2D273F7B65004EAA2C /* AmpliSwiftSampleAppApp.swift */; };
		3ECE2C42273F7B6C004EAA2C /* ContentView.swift in Sources */ = {isa = PBXBuildFile; fileRef = 3ECE2C2E273F7B65004EAA2C /* ContentView.swift */; };
		3ECE2C43273F7B6C004EAA2C /* ContentView.swift in Sources */ = {isa = PBXBuildFile; fileRef = 3ECE2C2E273F7B65004EAA2C /* ContentView.swift */; };
		3ECE2C44273F7B6C004EAA2C /* Persistence.swift in Sources */ = {isa = PBXBuildFile; fileRef = 3ECE2C2F273F7B65004EAA2C /* Persistence.swift */; };
		3ECE2C45273F7B6C004EAA2C /* Persistence.swift in Sources */ = {isa = PBXBuildFile; fileRef = 3ECE2C2F273F7B65004EAA2C /* Persistence.swift */; };
		3ECE2C46273F7B6C004EAA2C /* Assets.xcassets in Resources */ = {isa = PBXBuildFile; fileRef = 3ECE2C30273F7B6C004EAA2C /* Assets.xcassets */; };
		3ECE2C47273F7B6C004EAA2C /* Assets.xcassets in Resources */ = {isa = PBXBuildFile; fileRef = 3ECE2C30273F7B6C004EAA2C /* Assets.xcassets */; };
		3ECE2C532743332C004EAA2C /* Ampli.swift in Sources */ = {isa = PBXBuildFile; fileRef = 3ECE2C512743332C004EAA2C /* Ampli.swift */; };
		3ECE2C542743332C004EAA2C /* Ampli.swift in Sources */ = {isa = PBXBuildFile; fileRef = 3ECE2C512743332C004EAA2C /* Ampli.swift */; };
		BA4436A82A84CCE4002F1115 /* LoggingPlugin.swift in Sources */ = {isa = PBXBuildFile; fileRef = BA4436A72A84CCE4002F1115 /* LoggingPlugin.swift */; };
		BA581AA22A8DF46300079EFE /* AmplitudeSwift in Frameworks */ = {isa = PBXBuildFile; productRef = BA581AA12A8DF46300079EFE /* AmplitudeSwift */; };
/* End PBXBuildFile section */

/* Begin PBXContainerItemProxy section */
		3E3B5FAA275803D3003D95E1 /* PBXContainerItemProxy */ = {
			isa = PBXContainerItemProxy;
			containerPortal = 3ECE2C26273F7B65004EAA2C /* Project object */;
			proxyType = 1;
			remoteGlobalIDString = 3ECE2C34273F7B6C004EAA2C;
			remoteInfo = "AmpliSwiftSampleApp (iOS)";
		};
/* End PBXContainerItemProxy section */

/* Begin PBXFileReference section */
		3E3B5FA6275803D3003D95E1 /* AmpliSwiftSampleAppTests.xctest */ = {isa = PBXFileReference; explicitFileType = wrapper.cfbundle; includeInIndex = 0; path = AmpliSwiftSampleAppTests.xctest; sourceTree = BUILT_PRODUCTS_DIR; };
		3E3B5FAF2758045C003D95E1 /* AmpliTests.swift */ = {isa = PBXFileReference; lastKnownFileType = sourcecode.swift; path = AmpliTests.swift; sourceTree = "<group>"; };
		3E3B5FB127583BC9003D95E1 /* TextView.swift */ = {isa = PBXFileReference; lastKnownFileType = sourcecode.swift; path = TextView.swift; sourceTree = "<group>"; };
		3ECE2C2C273F7B65004EAA2C /* Shared.xcdatamodel */ = {isa = PBXFileReference; lastKnownFileType = wrapper.xcdatamodel; path = Shared.xcdatamodel; sourceTree = "<group>"; };
		3ECE2C2D273F7B65004EAA2C /* AmpliSwiftSampleAppApp.swift */ = {isa = PBXFileReference; lastKnownFileType = sourcecode.swift; path = AmpliSwiftSampleAppApp.swift; sourceTree = "<group>"; };
		3ECE2C2E273F7B65004EAA2C /* ContentView.swift */ = {isa = PBXFileReference; lastKnownFileType = sourcecode.swift; path = ContentView.swift; sourceTree = "<group>"; };
		3ECE2C2F273F7B65004EAA2C /* Persistence.swift */ = {isa = PBXFileReference; lastKnownFileType = sourcecode.swift; path = Persistence.swift; sourceTree = "<group>"; };
		3ECE2C30273F7B6C004EAA2C /* Assets.xcassets */ = {isa = PBXFileReference; lastKnownFileType = folder.assetcatalog; path = Assets.xcassets; sourceTree = "<group>"; };
		3ECE2C35273F7B6C004EAA2C /* AmpliSwiftSampleApp.app */ = {isa = PBXFileReference; explicitFileType = wrapper.application; includeInIndex = 0; path = AmpliSwiftSampleApp.app; sourceTree = BUILT_PRODUCTS_DIR; };
		3ECE2C3B273F7B6C004EAA2C /* AmpliSwiftSampleApp.app */ = {isa = PBXFileReference; explicitFileType = wrapper.application; includeInIndex = 0; path = AmpliSwiftSampleApp.app; sourceTree = BUILT_PRODUCTS_DIR; };
		3ECE2C3D273F7B6C004EAA2C /* macOS.entitlements */ = {isa = PBXFileReference; lastKnownFileType = text.plist.entitlements; path = macOS.entitlements; sourceTree = "<group>"; };
		3ECE2C512743332C004EAA2C /* Ampli.swift */ = {isa = PBXFileReference; fileEncoding = 4; lastKnownFileType = sourcecode.swift; path = Ampli.swift; sourceTree = "<group>"; };
		BA4436A72A84CCE4002F1115 /* LoggingPlugin.swift */ = {isa = PBXFileReference; lastKnownFileType = sourcecode.swift; path = LoggingPlugin.swift; sourceTree = "<group>"; };
/* End PBXFileReference section */

/* Begin PBXFrameworksBuildPhase section */
		3E3B5FA3275803D3003D95E1 /* Frameworks */ = {
			isa = PBXFrameworksBuildPhase;
			buildActionMask = 2147483647;
			files = (
			);
			runOnlyForDeploymentPostprocessing = 0;
		};
		3ECE2C32273F7B6C004EAA2C /* Frameworks */ = {
			isa = PBXFrameworksBuildPhase;
			buildActionMask = 2147483647;
			files = (
				BA581AA22A8DF46300079EFE /* AmplitudeSwift in Frameworks */,
			);
			runOnlyForDeploymentPostprocessing = 0;
		};
		3ECE2C38273F7B6C004EAA2C /* Frameworks */ = {
			isa = PBXFrameworksBuildPhase;
			buildActionMask = 2147483647;
			files = (
			);
			runOnlyForDeploymentPostprocessing = 0;
		};
/* End PBXFrameworksBuildPhase section */

/* Begin PBXGroup section */
		3E3B5FA7275803D3003D95E1 /* AmpliSwiftSampleAppTests */ = {
			isa = PBXGroup;
			children = (
				3E3B5FAF2758045C003D95E1 /* AmpliTests.swift */,
			);
			path = AmpliSwiftSampleAppTests;
			sourceTree = "<group>";
		};
		3ECE2C25273F7B65004EAA2C = {
			isa = PBXGroup;
			children = (
				3ECE2C2A273F7B65004EAA2C /* Shared */,
				3ECE2C3C273F7B6C004EAA2C /* macOS */,
				3E3B5FA7275803D3003D95E1 /* AmpliSwiftSampleAppTests */,
				3ECE2C36273F7B6C004EAA2C /* Products */,
				B8E184F982BAB6A9F0F2440E /* Pods */,
			);
			sourceTree = "<group>";
		};
		3ECE2C2A273F7B65004EAA2C /* Shared */ = {
			isa = PBXGroup;
			children = (
				BA4436A62A84CCC7002F1115 /* Plugins */,
				3ECE2C502743332C004EAA2C /* Ampli */,
				3ECE2C2D273F7B65004EAA2C /* AmpliSwiftSampleAppApp.swift */,
				3E3B5FB127583BC9003D95E1 /* TextView.swift */,
				3ECE2C2E273F7B65004EAA2C /* ContentView.swift */,
				3ECE2C2F273F7B65004EAA2C /* Persistence.swift */,
				3ECE2C30273F7B6C004EAA2C /* Assets.xcassets */,
				3ECE2C2B273F7B65004EAA2C /* AmpliSwiftSampleApp.xcdatamodeld */,
			);
			path = Shared;
			sourceTree = "<group>";
		};
		3ECE2C36273F7B6C004EAA2C /* Products */ = {
			isa = PBXGroup;
			children = (
				3ECE2C35273F7B6C004EAA2C /* AmpliSwiftSampleApp.app */,
				3ECE2C3B273F7B6C004EAA2C /* AmpliSwiftSampleApp.app */,
				3E3B5FA6275803D3003D95E1 /* AmpliSwiftSampleAppTests.xctest */,
			);
			name = Products;
			sourceTree = "<group>";
		};
		3ECE2C3C273F7B6C004EAA2C /* macOS */ = {
			isa = PBXGroup;
			children = (
				3ECE2C3D273F7B6C004EAA2C /* macOS.entitlements */,
			);
			path = macOS;
			sourceTree = "<group>";
		};
		3ECE2C502743332C004EAA2C /* Ampli */ = {
			isa = PBXGroup;
			children = (
				3ECE2C512743332C004EAA2C /* Ampli.swift */,
			);
			path = Ampli;
			sourceTree = "<group>";
		};
		B8E184F982BAB6A9F0F2440E /* Pods */ = {
			isa = PBXGroup;
			children = (
			);
			path = Pods;
			sourceTree = "<group>";
		};
		BA4436A62A84CCC7002F1115 /* Plugins */ = {
			isa = PBXGroup;
			children = (
				BA4436A72A84CCE4002F1115 /* LoggingPlugin.swift */,
			);
			path = Plugins;
			sourceTree = "<group>";
		};
/* End PBXGroup section */

/* Begin PBXNativeTarget section */
		3E3B5FA5275803D3003D95E1 /* AmpliSwiftSampleAppTests */ = {
			isa = PBXNativeTarget;
			buildConfigurationList = 3E3B5FAE275803D3003D95E1 /* Build configuration list for PBXNativeTarget "AmpliSwiftSampleAppTests" */;
			buildPhases = (
				3E3B5FA2275803D3003D95E1 /* Sources */,
				3E3B5FA3275803D3003D95E1 /* Frameworks */,
				3E3B5FA4275803D3003D95E1 /* Resources */,
			);
			buildRules = (
			);
			dependencies = (
				3E3B5FAB275803D3003D95E1 /* PBXTargetDependency */,
			);
			name = AmpliSwiftSampleAppTests;
			productName = AmpliSwiftSampleAppTests;
			productReference = 3E3B5FA6275803D3003D95E1 /* AmpliSwiftSampleAppTests.xctest */;
			productType = "com.apple.product-type.bundle.unit-test";
		};
		3ECE2C34273F7B6C004EAA2C /* AmpliSwiftSampleApp (iOS) */ = {
			isa = PBXNativeTarget;
			buildConfigurationList = 3ECE2C4A273F7B6C004EAA2C /* Build configuration list for PBXNativeTarget "AmpliSwiftSampleApp (iOS)" */;
			buildPhases = (
				3ECE2C31273F7B6C004EAA2C /* Sources */,
				3ECE2C32273F7B6C004EAA2C /* Frameworks */,
				3ECE2C33273F7B6C004EAA2C /* Resources */,
			);
			buildRules = (
			);
			dependencies = (
			);
			name = "AmpliSwiftSampleApp (iOS)";
			packageProductDependencies = (
				BA581AA12A8DF46300079EFE /* AmplitudeSwift */,
			);
			productName = "AmpliSwiftSampleApp (iOS)";
			productReference = 3ECE2C35273F7B6C004EAA2C /* AmpliSwiftSampleApp.app */;
			productType = "com.apple.product-type.application";
		};
		3ECE2C3A273F7B6C004EAA2C /* AmpliSwiftSampleApp (macOS) */ = {
			isa = PBXNativeTarget;
			buildConfigurationList = 3ECE2C4D273F7B6C004EAA2C /* Build configuration list for PBXNativeTarget "AmpliSwiftSampleApp (macOS)" */;
			buildPhases = (
				3ECE2C37273F7B6C004EAA2C /* Sources */,
				3ECE2C38273F7B6C004EAA2C /* Frameworks */,
				3ECE2C39273F7B6C004EAA2C /* Resources */,
			);
			buildRules = (
			);
			dependencies = (
			);
			name = "AmpliSwiftSampleApp (macOS)";
			productName = "AmpliSwiftSampleApp (macOS)";
			productReference = 3ECE2C3B273F7B6C004EAA2C /* AmpliSwiftSampleApp.app */;
			productType = "com.apple.product-type.application";
		};
/* End PBXNativeTarget section */

/* Begin PBXProject section */
		3ECE2C26273F7B65004EAA2C /* Project object */ = {
			isa = PBXProject;
			attributes = {
				BuildIndependentTargetsInParallel = 1;
				LastSwiftUpdateCheck = 1310;
				LastUpgradeCheck = 1310;
				TargetAttributes = {
					3E3B5FA5275803D3003D95E1 = {
						CreatedOnToolsVersion = 13.1;
						TestTargetID = 3ECE2C34273F7B6C004EAA2C;
					};
					3ECE2C34273F7B6C004EAA2C = {
						CreatedOnToolsVersion = 13.1;
					};
					3ECE2C3A273F7B6C004EAA2C = {
						CreatedOnToolsVersion = 13.1;
					};
				};
			};
			buildConfigurationList = 3ECE2C29273F7B65004EAA2C /* Build configuration list for PBXProject "AmpliSwiftSampleApp" */;
			compatibilityVersion = "Xcode 13.0";
			developmentRegion = en;
			hasScannedForEncodings = 0;
			knownRegions = (
				en,
				Base,
			);
			mainGroup = 3ECE2C25273F7B65004EAA2C;
			packageReferences = (
				BA581AA02A8DF46200079EFE /* XCRemoteSwiftPackageReference "Amplitude-Swift" */,
			);
			productRefGroup = 3ECE2C36273F7B6C004EAA2C /* Products */;
			projectDirPath = "";
			projectRoot = "";
			targets = (
				3ECE2C34273F7B6C004EAA2C /* AmpliSwiftSampleApp (iOS) */,
				3ECE2C3A273F7B6C004EAA2C /* AmpliSwiftSampleApp (macOS) */,
				3E3B5FA5275803D3003D95E1 /* AmpliSwiftSampleAppTests */,
			);
		};
/* End PBXProject section */

/* Begin PBXResourcesBuildPhase section */
		3E3B5FA4275803D3003D95E1 /* Resources */ = {
			isa = PBXResourcesBuildPhase;
			buildActionMask = 2147483647;
			files = (
			);
			runOnlyForDeploymentPostprocessing = 0;
		};
		3ECE2C33273F7B6C004EAA2C /* Resources */ = {
			isa = PBXResourcesBuildPhase;
			buildActionMask = 2147483647;
			files = (
				3ECE2C46273F7B6C004EAA2C /* Assets.xcassets in Resources */,
			);
			runOnlyForDeploymentPostprocessing = 0;
		};
		3ECE2C39273F7B6C004EAA2C /* Resources */ = {
			isa = PBXResourcesBuildPhase;
			buildActionMask = 2147483647;
			files = (
				3ECE2C47273F7B6C004EAA2C /* Assets.xcassets in Resources */,
			);
			runOnlyForDeploymentPostprocessing = 0;
		};
/* End PBXResourcesBuildPhase section */

/* Begin PBXSourcesBuildPhase section */
		3E3B5FA2275803D3003D95E1 /* Sources */ = {
			isa = PBXSourcesBuildPhase;
			buildActionMask = 2147483647;
			files = (
				3E3B5FB02758045C003D95E1 /* AmpliTests.swift in Sources */,
			);
			runOnlyForDeploymentPostprocessing = 0;
		};
		3ECE2C31273F7B6C004EAA2C /* Sources */ = {
			isa = PBXSourcesBuildPhase;
			buildActionMask = 2147483647;
			files = (
				3ECE2C3E273F7B6C004EAA2C /* AmpliSwiftSampleApp.xcdatamodeld in Sources */,
				BA4436A82A84CCE4002F1115 /* LoggingPlugin.swift in Sources */,
				3ECE2C44273F7B6C004EAA2C /* Persistence.swift in Sources */,
				3ECE2C532743332C004EAA2C /* Ampli.swift in Sources */,
				3E3B5FB227583BC9003D95E1 /* TextView.swift in Sources */,
				3ECE2C40273F7B6C004EAA2C /* AmpliSwiftSampleAppApp.swift in Sources */,
				3ECE2C42273F7B6C004EAA2C /* ContentView.swift in Sources */,
			);
			runOnlyForDeploymentPostprocessing = 0;
		};
		3ECE2C37273F7B6C004EAA2C /* Sources */ = {
			isa = PBXSourcesBuildPhase;
			buildActionMask = 2147483647;
			files = (
				3ECE2C3F273F7B6C004EAA2C /* AmpliSwiftSampleApp.xcdatamodeld in Sources */,
				3ECE2C45273F7B6C004EAA2C /* Persistence.swift in Sources */,
				3ECE2C542743332C004EAA2C /* Ampli.swift in Sources */,
				3E3B5FB327583BC9003D95E1 /* TextView.swift in Sources */,
				3ECE2C41273F7B6C004EAA2C /* AmpliSwiftSampleAppApp.swift in Sources */,
				3ECE2C43273F7B6C004EAA2C /* ContentView.swift in Sources */,
			);
			runOnlyForDeploymentPostprocessing = 0;
		};
/* End PBXSourcesBuildPhase section */

/* Begin PBXTargetDependency section */
		3E3B5FAB275803D3003D95E1 /* PBXTargetDependency */ = {
			isa = PBXTargetDependency;
			target = 3ECE2C34273F7B6C004EAA2C /* AmpliSwiftSampleApp (iOS) */;
			targetProxy = 3E3B5FAA275803D3003D95E1 /* PBXContainerItemProxy */;
		};
/* End PBXTargetDependency section */

/* Begin XCBuildConfiguration section */
		3E3B5FAC275803D3003D95E1 /* Debug */ = {
			isa = XCBuildConfiguration;
			buildSettings = {
				BUNDLE_LOADER = "$(TEST_HOST)";
				CODE_SIGN_STYLE = Automatic;
				CURRENT_PROJECT_VERSION = 1;
				GENERATE_INFOPLIST_FILE = YES;
				IPHONEOS_DEPLOYMENT_TARGET = 15.0;
				LD_RUNPATH_SEARCH_PATHS = (
					"$(inherited)",
					"@executable_path/Frameworks",
					"@loader_path/Frameworks",
				);
				MARKETING_VERSION = 1.0;
				PRODUCT_BUNDLE_IDENTIFIER = com.amplitude.AmpliSwiftSampleAppTests;
				PRODUCT_NAME = "$(TARGET_NAME)";
				SDKROOT = iphoneos;
				SWIFT_EMIT_LOC_STRINGS = NO;
				SWIFT_VERSION = 5.0;
				TARGETED_DEVICE_FAMILY = "1,2";
				TEST_HOST = "$(BUILT_PRODUCTS_DIR)/AmpliSwiftSampleApp.app/AmpliSwiftSampleApp";
			};
			name = Debug;
		};
		3E3B5FAD275803D3003D95E1 /* Release */ = {
			isa = XCBuildConfiguration;
			buildSettings = {
				BUNDLE_LOADER = "$(TEST_HOST)";
				CODE_SIGN_STYLE = Automatic;
				CURRENT_PROJECT_VERSION = 1;
				GENERATE_INFOPLIST_FILE = YES;
				IPHONEOS_DEPLOYMENT_TARGET = 15.0;
				LD_RUNPATH_SEARCH_PATHS = (
					"$(inherited)",
					"@executable_path/Frameworks",
					"@loader_path/Frameworks",
				);
				MARKETING_VERSION = 1.0;
				PRODUCT_BUNDLE_IDENTIFIER = com.amplitude.AmpliSwiftSampleAppTests;
				PRODUCT_NAME = "$(TARGET_NAME)";
				SDKROOT = iphoneos;
				SWIFT_EMIT_LOC_STRINGS = NO;
				SWIFT_VERSION = 5.0;
				TARGETED_DEVICE_FAMILY = "1,2";
				TEST_HOST = "$(BUILT_PRODUCTS_DIR)/AmpliSwiftSampleApp.app/AmpliSwiftSampleApp";
				VALIDATE_PRODUCT = YES;
			};
			name = Release;
		};
		3ECE2C48273F7B6C004EAA2C /* Debug */ = {
			isa = XCBuildConfiguration;
			buildSettings = {
				ALWAYS_SEARCH_USER_PATHS = NO;
				CLANG_ANALYZER_NONNULL = YES;
				CLANG_ANALYZER_NUMBER_OBJECT_CONVERSION = YES_AGGRESSIVE;
				CLANG_CXX_LANGUAGE_STANDARD = "gnu++17";
				CLANG_CXX_LIBRARY = "libc++";
				CLANG_ENABLE_MODULES = YES;
				CLANG_ENABLE_OBJC_ARC = YES;
				CLANG_ENABLE_OBJC_WEAK = YES;
				CLANG_WARN_BLOCK_CAPTURE_AUTORELEASING = YES;
				CLANG_WARN_BOOL_CONVERSION = YES;
				CLANG_WARN_COMMA = YES;
				CLANG_WARN_CONSTANT_CONVERSION = YES;
				CLANG_WARN_DEPRECATED_OBJC_IMPLEMENTATIONS = YES;
				CLANG_WARN_DIRECT_OBJC_ISA_USAGE = YES_ERROR;
				CLANG_WARN_DOCUMENTATION_COMMENTS = YES;
				CLANG_WARN_EMPTY_BODY = YES;
				CLANG_WARN_ENUM_CONVERSION = YES;
				CLANG_WARN_INFINITE_RECURSION = YES;
				CLANG_WARN_INT_CONVERSION = YES;
				CLANG_WARN_NON_LITERAL_NULL_CONVERSION = YES;
				CLANG_WARN_OBJC_IMPLICIT_RETAIN_SELF = YES;
				CLANG_WARN_OBJC_LITERAL_CONVERSION = YES;
				CLANG_WARN_OBJC_ROOT_CLASS = YES_ERROR;
				CLANG_WARN_QUOTED_INCLUDE_IN_FRAMEWORK_HEADER = YES;
				CLANG_WARN_RANGE_LOOP_ANALYSIS = YES;
				CLANG_WARN_STRICT_PROTOTYPES = YES;
				CLANG_WARN_SUSPICIOUS_MOVE = YES;
				CLANG_WARN_UNGUARDED_AVAILABILITY = YES_AGGRESSIVE;
				CLANG_WARN_UNREACHABLE_CODE = YES;
				CLANG_WARN__DUPLICATE_METHOD_MATCH = YES;
				COPY_PHASE_STRIP = NO;
				DEBUG_INFORMATION_FORMAT = dwarf;
				ENABLE_STRICT_OBJC_MSGSEND = YES;
				ENABLE_TESTABILITY = YES;
				GCC_C_LANGUAGE_STANDARD = gnu11;
				GCC_DYNAMIC_NO_PIC = NO;
				GCC_NO_COMMON_BLOCKS = YES;
				GCC_OPTIMIZATION_LEVEL = 0;
				GCC_PREPROCESSOR_DEFINITIONS = (
					"DEBUG=1",
					"$(inherited)",
				);
				GCC_WARN_64_TO_32_BIT_CONVERSION = YES;
				GCC_WARN_ABOUT_RETURN_TYPE = YES_ERROR;
				GCC_WARN_UNDECLARED_SELECTOR = YES;
				GCC_WARN_UNINITIALIZED_AUTOS = YES_AGGRESSIVE;
				GCC_WARN_UNUSED_FUNCTION = YES;
				GCC_WARN_UNUSED_VARIABLE = YES;
				MTL_ENABLE_DEBUG_INFO = INCLUDE_SOURCE;
				MTL_FAST_MATH = YES;
				ONLY_ACTIVE_ARCH = YES;
				SWIFT_ACTIVE_COMPILATION_CONDITIONS = DEBUG;
				SWIFT_OPTIMIZATION_LEVEL = "-Onone";
			};
			name = Debug;
		};
		3ECE2C49273F7B6C004EAA2C /* Release */ = {
			isa = XCBuildConfiguration;
			buildSettings = {
				ALWAYS_SEARCH_USER_PATHS = NO;
				CLANG_ANALYZER_NONNULL = YES;
				CLANG_ANALYZER_NUMBER_OBJECT_CONVERSION = YES_AGGRESSIVE;
				CLANG_CXX_LANGUAGE_STANDARD = "gnu++17";
				CLANG_CXX_LIBRARY = "libc++";
				CLANG_ENABLE_MODULES = YES;
				CLANG_ENABLE_OBJC_ARC = YES;
				CLANG_ENABLE_OBJC_WEAK = YES;
				CLANG_WARN_BLOCK_CAPTURE_AUTORELEASING = YES;
				CLANG_WARN_BOOL_CONVERSION = YES;
				CLANG_WARN_COMMA = YES;
				CLANG_WARN_CONSTANT_CONVERSION = YES;
				CLANG_WARN_DEPRECATED_OBJC_IMPLEMENTATIONS = YES;
				CLANG_WARN_DIRECT_OBJC_ISA_USAGE = YES_ERROR;
				CLANG_WARN_DOCUMENTATION_COMMENTS = YES;
				CLANG_WARN_EMPTY_BODY = YES;
				CLANG_WARN_ENUM_CONVERSION = YES;
				CLANG_WARN_INFINITE_RECURSION = YES;
				CLANG_WARN_INT_CONVERSION = YES;
				CLANG_WARN_NON_LITERAL_NULL_CONVERSION = YES;
				CLANG_WARN_OBJC_IMPLICIT_RETAIN_SELF = YES;
				CLANG_WARN_OBJC_LITERAL_CONVERSION = YES;
				CLANG_WARN_OBJC_ROOT_CLASS = YES_ERROR;
				CLANG_WARN_QUOTED_INCLUDE_IN_FRAMEWORK_HEADER = YES;
				CLANG_WARN_RANGE_LOOP_ANALYSIS = YES;
				CLANG_WARN_STRICT_PROTOTYPES = YES;
				CLANG_WARN_SUSPICIOUS_MOVE = YES;
				CLANG_WARN_UNGUARDED_AVAILABILITY = YES_AGGRESSIVE;
				CLANG_WARN_UNREACHABLE_CODE = YES;
				CLANG_WARN__DUPLICATE_METHOD_MATCH = YES;
				COPY_PHASE_STRIP = NO;
				DEBUG_INFORMATION_FORMAT = "dwarf-with-dsym";
				ENABLE_NS_ASSERTIONS = NO;
				ENABLE_STRICT_OBJC_MSGSEND = YES;
				GCC_C_LANGUAGE_STANDARD = gnu11;
				GCC_NO_COMMON_BLOCKS = YES;
				GCC_WARN_64_TO_32_BIT_CONVERSION = YES;
				GCC_WARN_ABOUT_RETURN_TYPE = YES_ERROR;
				GCC_WARN_UNDECLARED_SELECTOR = YES;
				GCC_WARN_UNINITIALIZED_AUTOS = YES_AGGRESSIVE;
				GCC_WARN_UNUSED_FUNCTION = YES;
				GCC_WARN_UNUSED_VARIABLE = YES;
				MTL_ENABLE_DEBUG_INFO = NO;
				MTL_FAST_MATH = YES;
				SWIFT_COMPILATION_MODE = wholemodule;
				SWIFT_OPTIMIZATION_LEVEL = "-O";
			};
			name = Release;
		};
		3ECE2C4B273F7B6C004EAA2C /* Debug */ = {
			isa = XCBuildConfiguration;
			buildSettings = {
				ASSETCATALOG_COMPILER_APPICON_NAME = AppIcon;
				ASSETCATALOG_COMPILER_GLOBAL_ACCENT_COLOR_NAME = AccentColor;
				CODE_SIGN_STYLE = Automatic;
				CURRENT_PROJECT_VERSION = 1;
				ENABLE_PREVIEWS = YES;
				GENERATE_INFOPLIST_FILE = YES;
				INFOPLIST_KEY_UIApplicationSceneManifest_Generation = YES;
				INFOPLIST_KEY_UIApplicationSupportsIndirectInputEvents = YES;
				INFOPLIST_KEY_UILaunchScreen_Generation = YES;
				INFOPLIST_KEY_UISupportedInterfaceOrientations_iPad = "UIInterfaceOrientationPortrait UIInterfaceOrientationPortraitUpsideDown UIInterfaceOrientationLandscapeLeft UIInterfaceOrientationLandscapeRight";
				INFOPLIST_KEY_UISupportedInterfaceOrientations_iPhone = "UIInterfaceOrientationPortrait UIInterfaceOrientationLandscapeLeft UIInterfaceOrientationLandscapeRight";
				IPHONEOS_DEPLOYMENT_TARGET = 15.0;
				LD_RUNPATH_SEARCH_PATHS = (
					"$(inherited)",
					"@executable_path/Frameworks",
				);
				MARKETING_VERSION = 1.0;
				PRODUCT_BUNDLE_IDENTIFIER = com.amplitude.AmpliSwiftSampleApp;
				PRODUCT_NAME = AmpliSwiftSampleApp;
				SDKROOT = iphoneos;
				SWIFT_EMIT_LOC_STRINGS = YES;
				SWIFT_VERSION = 5.0;
				TARGETED_DEVICE_FAMILY = "1,2";
			};
			name = Debug;
		};
		3ECE2C4C273F7B6C004EAA2C /* Release */ = {
			isa = XCBuildConfiguration;
			buildSettings = {
				ASSETCATALOG_COMPILER_APPICON_NAME = AppIcon;
				ASSETCATALOG_COMPILER_GLOBAL_ACCENT_COLOR_NAME = AccentColor;
				CODE_SIGN_STYLE = Automatic;
				CURRENT_PROJECT_VERSION = 1;
				ENABLE_PREVIEWS = YES;
				GENERATE_INFOPLIST_FILE = YES;
				INFOPLIST_KEY_UIApplicationSceneManifest_Generation = YES;
				INFOPLIST_KEY_UIApplicationSupportsIndirectInputEvents = YES;
				INFOPLIST_KEY_UILaunchScreen_Generation = YES;
				INFOPLIST_KEY_UISupportedInterfaceOrientations_iPad = "UIInterfaceOrientationPortrait UIInterfaceOrientationPortraitUpsideDown UIInterfaceOrientationLandscapeLeft UIInterfaceOrientationLandscapeRight";
				INFOPLIST_KEY_UISupportedInterfaceOrientations_iPhone = "UIInterfaceOrientationPortrait UIInterfaceOrientationLandscapeLeft UIInterfaceOrientationLandscapeRight";
				IPHONEOS_DEPLOYMENT_TARGET = 15.0;
				LD_RUNPATH_SEARCH_PATHS = (
					"$(inherited)",
					"@executable_path/Frameworks",
				);
				MARKETING_VERSION = 1.0;
				PRODUCT_BUNDLE_IDENTIFIER = com.amplitude.AmpliSwiftSampleApp;
				PRODUCT_NAME = AmpliSwiftSampleApp;
				SDKROOT = iphoneos;
				SWIFT_EMIT_LOC_STRINGS = YES;
				SWIFT_VERSION = 5.0;
				TARGETED_DEVICE_FAMILY = "1,2";
				VALIDATE_PRODUCT = YES;
			};
			name = Release;
		};
		3ECE2C4E273F7B6C004EAA2C /* Debug */ = {
			isa = XCBuildConfiguration;
			buildSettings = {
				ASSETCATALOG_COMPILER_APPICON_NAME = AppIcon;
				ASSETCATALOG_COMPILER_GLOBAL_ACCENT_COLOR_NAME = AccentColor;
				CODE_SIGN_ENTITLEMENTS = macOS/macOS.entitlements;
				CODE_SIGN_STYLE = Automatic;
				COMBINE_HIDPI_IMAGES = YES;
				CURRENT_PROJECT_VERSION = 1;
				ENABLE_PREVIEWS = YES;
				GENERATE_INFOPLIST_FILE = YES;
				INFOPLIST_KEY_NSHumanReadableCopyright = "";
				IPHONEOS_DEPLOYMENT_TARGET = 15.0;
				LD_RUNPATH_SEARCH_PATHS = (
					"$(inherited)",
					"@executable_path/../Frameworks",
				);
				MACOSX_DEPLOYMENT_TARGET = 12.0;
				MARKETING_VERSION = 1.0;
				PRODUCT_BUNDLE_IDENTIFIER = com.amplitude.AmpliSwiftSampleApp;
				PRODUCT_NAME = AmpliSwiftSampleApp;
				SDKROOT = macosx;
				SWIFT_EMIT_LOC_STRINGS = YES;
				SWIFT_VERSION = 5.0;
			};
			name = Debug;
		};
		3ECE2C4F273F7B6C004EAA2C /* Release */ = {
			isa = XCBuildConfiguration;
			buildSettings = {
				ASSETCATALOG_COMPILER_APPICON_NAME = AppIcon;
				ASSETCATALOG_COMPILER_GLOBAL_ACCENT_COLOR_NAME = AccentColor;
				CODE_SIGN_ENTITLEMENTS = macOS/macOS.entitlements;
				CODE_SIGN_STYLE = Automatic;
				COMBINE_HIDPI_IMAGES = YES;
				CURRENT_PROJECT_VERSION = 1;
				ENABLE_PREVIEWS = YES;
				GENERATE_INFOPLIST_FILE = YES;
				INFOPLIST_KEY_NSHumanReadableCopyright = "";
				IPHONEOS_DEPLOYMENT_TARGET = 15.0;
				LD_RUNPATH_SEARCH_PATHS = (
					"$(inherited)",
					"@executable_path/../Frameworks",
				);
				MACOSX_DEPLOYMENT_TARGET = 12.0;
				MARKETING_VERSION = 1.0;
				PRODUCT_BUNDLE_IDENTIFIER = com.amplitude.AmpliSwiftSampleApp;
				PRODUCT_NAME = AmpliSwiftSampleApp;
				SDKROOT = macosx;
				SWIFT_EMIT_LOC_STRINGS = YES;
				SWIFT_VERSION = 5.0;
			};
			name = Release;
		};
/* End XCBuildConfiguration section */

/* Begin XCConfigurationList section */
		3E3B5FAE275803D3003D95E1 /* Build configuration list for PBXNativeTarget "AmpliSwiftSampleAppTests" */ = {
			isa = XCConfigurationList;
			buildConfigurations = (
				3E3B5FAC275803D3003D95E1 /* Debug */,
				3E3B5FAD275803D3003D95E1 /* Release */,
			);
			defaultConfigurationIsVisible = 0;
			defaultConfigurationName = Release;
		};
		3ECE2C29273F7B65004EAA2C /* Build configuration list for PBXProject "AmpliSwiftSampleApp" */ = {
			isa = XCConfigurationList;
			buildConfigurations = (
				3ECE2C48273F7B6C004EAA2C /* Debug */,
				3ECE2C49273F7B6C004EAA2C /* Release */,
			);
			defaultConfigurationIsVisible = 0;
			defaultConfigurationName = Release;
		};
		3ECE2C4A273F7B6C004EAA2C /* Build configuration list for PBXNativeTarget "AmpliSwiftSampleApp (iOS)" */ = {
			isa = XCConfigurationList;
			buildConfigurations = (
				3ECE2C4B273F7B6C004EAA2C /* Debug */,
				3ECE2C4C273F7B6C004EAA2C /* Release */,
			);
			defaultConfigurationIsVisible = 0;
			defaultConfigurationName = Release;
		};
		3ECE2C4D273F7B6C004EAA2C /* Build configuration list for PBXNativeTarget "AmpliSwiftSampleApp (macOS)" */ = {
			isa = XCConfigurationList;
			buildConfigurations = (
				3ECE2C4E273F7B6C004EAA2C /* Debug */,
				3ECE2C4F273F7B6C004EAA2C /* Release */,
			);
			defaultConfigurationIsVisible = 0;
			defaultConfigurationName = Release;
		};
/* End XCConfigurationList section */

/* Begin XCRemoteSwiftPackageReference section */
		BA581AA02A8DF46200079EFE /* XCRemoteSwiftPackageReference "Amplitude-Swift" */ = {
			isa = XCRemoteSwiftPackageReference;
			repositoryURL = "https://github.com/amplitude/Amplitude-Swift";
			requirement = {
				kind = upToNextMajorVersion;
				minimumVersion = 0.4.14;
			};
		};
/* End XCRemoteSwiftPackageReference section */

/* Begin XCSwiftPackageProductDependency section */
		BA581AA12A8DF46300079EFE /* AmplitudeSwift */ = {
			isa = XCSwiftPackageProductDependency;
			package = BA581AA02A8DF46200079EFE /* XCRemoteSwiftPackageReference "Amplitude-Swift" */;
			productName = AmplitudeSwift;
		};
/* End XCSwiftPackageProductDependency section */

/* Begin XCVersionGroup section */
		3ECE2C2B273F7B65004EAA2C /* AmpliSwiftSampleApp.xcdatamodeld */ = {
			isa = XCVersionGroup;
			children = (
				3ECE2C2C273F7B65004EAA2C /* Shared.xcdatamodel */,
			);
			currentVersion = 3ECE2C2C273F7B65004EAA2C /* Shared.xcdatamodel */;
			path = AmpliSwiftSampleApp.xcdatamodeld;
			sourceTree = "<group>";
			versionGroupType = wrapper.xcdatamodel;
		};
/* End XCVersionGroup section */
	};
	rootObject = 3ECE2C26273F7B65004EAA2C /* Project object */;
}
