// !$*UTF8*$!
{
	archiveVersion = 1;
	classes = {
	};
	objectVersion = 56;
	objects = {

/* Begin PBXBuildFile section */
		BAD7A96F2A7BA19D000CB7D9 /* AmpliSwiftSampleAppApp.swift in Sources */ = {isa = PBXBuildFile; fileRef = BAD7A96E2A7BA19D000CB7D9 /* AmpliSwiftSampleAppApp.swift */; };
		BAD7A9712A7BA19D000CB7D9 /* ContentView.swift in Sources */ = {isa = PBXBuildFile; fileRef = BAD7A9702A7BA19D000CB7D9 /* ContentView.swift */; };
		BAD7A9732A7BA19E000CB7D9 /* Assets.xcassets in Resources */ = {isa = PBXBuildFile; fileRef = BAD7A9722A7BA19E000CB7D9 /* Assets.xcassets */; };
		BAD7A9772A7BA19E000CB7D9 /* Preview Assets.xcassets in Resources */ = {isa = PBXBuildFile; fileRef = BAD7A9762A7BA19E000CB7D9 /* Preview Assets.xcassets */; };
		BAD7A9812A7BA19E000CB7D9 /* AmpliSwiftSampleAppTests.swift in Sources */ = {isa = PBXBuildFile; fileRef = BAD7A9802A7BA19E000CB7D9 /* AmpliSwiftSampleAppTests.swift */; };
		BAD7A98B2A7BA19E000CB7D9 /* AmpliSwiftSampleAppUITests.swift in Sources */ = {isa = PBXBuildFile; fileRef = BAD7A98A2A7BA19E000CB7D9 /* AmpliSwiftSampleAppUITests.swift */; };
		BAD7A98D2A7BA19E000CB7D9 /* AmpliSwiftSampleAppUITestsLaunchTests.swift in Sources */ = {isa = PBXBuildFile; fileRef = BAD7A98C2A7BA19E000CB7D9 /* AmpliSwiftSampleAppUITestsLaunchTests.swift */; };
/* End PBXBuildFile section */

/* Begin PBXContainerItemProxy section */
		BAD7A97D2A7BA19E000CB7D9 /* PBXContainerItemProxy */ = {
			isa = PBXContainerItemProxy;
			containerPortal = BAD7A9632A7BA19D000CB7D9 /* Project object */;
			proxyType = 1;
			remoteGlobalIDString = BAD7A96A2A7BA19D000CB7D9;
			remoteInfo = AmpliSwiftSampleApp;
		};
		BAD7A9872A7BA19E000CB7D9 /* PBXContainerItemProxy */ = {
			isa = PBXContainerItemProxy;
			containerPortal = BAD7A9632A7BA19D000CB7D9 /* Project object */;
			proxyType = 1;
			remoteGlobalIDString = BAD7A96A2A7BA19D000CB7D9;
			remoteInfo = AmpliSwiftSampleApp;
		};
/* End PBXContainerItemProxy section */

/* Begin PBXFileReference section */
		BAD7A96B2A7BA19D000CB7D9 /* AmpliSwiftSampleApp.app */ = {isa = PBXFileReference; explicitFileType = wrapper.application; includeInIndex = 0; path = AmpliSwiftSampleApp.app; sourceTree = BUILT_PRODUCTS_DIR; };
		BAD7A96E2A7BA19D000CB7D9 /* AmpliSwiftSampleAppApp.swift */ = {isa = PBXFileReference; lastKnownFileType = sourcecode.swift; path = AmpliSwiftSampleAppApp.swift; sourceTree = "<group>"; };
		BAD7A9702A7BA19D000CB7D9 /* ContentView.swift */ = {isa = PBXFileReference; lastKnownFileType = sourcecode.swift; path = ContentView.swift; sourceTree = "<group>"; };
		BAD7A9722A7BA19E000CB7D9 /* Assets.xcassets */ = {isa = PBXFileReference; lastKnownFileType = folder.assetcatalog; path = Assets.xcassets; sourceTree = "<group>"; };
		BAD7A9742A7BA19E000CB7D9 /* AmpliSwiftSampleApp.entitlements */ = {isa = PBXFileReference; lastKnownFileType = text.plist.entitlements; path = AmpliSwiftSampleApp.entitlements; sourceTree = "<group>"; };
		BAD7A9762A7BA19E000CB7D9 /* Preview Assets.xcassets */ = {isa = PBXFileReference; lastKnownFileType = folder.assetcatalog; path = "Preview Assets.xcassets"; sourceTree = "<group>"; };
		BAD7A97C2A7BA19E000CB7D9 /* AmpliSwiftSampleAppTests.xctest */ = {isa = PBXFileReference; explicitFileType = wrapper.cfbundle; includeInIndex = 0; path = AmpliSwiftSampleAppTests.xctest; sourceTree = BUILT_PRODUCTS_DIR; };
		BAD7A9802A7BA19E000CB7D9 /* AmpliSwiftSampleAppTests.swift */ = {isa = PBXFileReference; lastKnownFileType = sourcecode.swift; path = AmpliSwiftSampleAppTests.swift; sourceTree = "<group>"; };
		BAD7A9862A7BA19E000CB7D9 /* AmpliSwiftSampleAppUITests.xctest */ = {isa = PBXFileReference; explicitFileType = wrapper.cfbundle; includeInIndex = 0; path = AmpliSwiftSampleAppUITests.xctest; sourceTree = BUILT_PRODUCTS_DIR; };
		BAD7A98A2A7BA19E000CB7D9 /* AmpliSwiftSampleAppUITests.swift */ = {isa = PBXFileReference; lastKnownFileType = sourcecode.swift; path = AmpliSwiftSampleAppUITests.swift; sourceTree = "<group>"; };
		BAD7A98C2A7BA19E000CB7D9 /* AmpliSwiftSampleAppUITestsLaunchTests.swift */ = {isa = PBXFileReference; lastKnownFileType = sourcecode.swift; path = AmpliSwiftSampleAppUITestsLaunchTests.swift; sourceTree = "<group>"; };
/* End PBXFileReference section */

/* Begin PBXFrameworksBuildPhase section */
		BAD7A9682A7BA19D000CB7D9 /* Frameworks */ = {
			isa = PBXFrameworksBuildPhase;
			buildActionMask = 2147483647;
			files = (
			);
			runOnlyForDeploymentPostprocessing = 0;
		};
		BAD7A9792A7BA19E000CB7D9 /* Frameworks */ = {
			isa = PBXFrameworksBuildPhase;
			buildActionMask = 2147483647;
			files = (
			);
			runOnlyForDeploymentPostprocessing = 0;
		};
		BAD7A9832A7BA19E000CB7D9 /* Frameworks */ = {
			isa = PBXFrameworksBuildPhase;
			buildActionMask = 2147483647;
			files = (
			);
			runOnlyForDeploymentPostprocessing = 0;
		};
/* End PBXFrameworksBuildPhase section */

/* Begin PBXGroup section */
		BAD7A9622A7BA19D000CB7D9 = {
			isa = PBXGroup;
			children = (
				BAD7A96D2A7BA19D000CB7D9 /* AmpliSwiftSampleApp */,
				BAD7A97F2A7BA19E000CB7D9 /* AmpliSwiftSampleAppTests */,
				BAD7A9892A7BA19E000CB7D9 /* AmpliSwiftSampleAppUITests */,
				BAD7A96C2A7BA19D000CB7D9 /* Products */,
			);
			sourceTree = "<group>";
		};
		BAD7A96C2A7BA19D000CB7D9 /* Products */ = {
			isa = PBXGroup;
			children = (
				BAD7A96B2A7BA19D000CB7D9 /* AmpliSwiftSampleApp.app */,
				BAD7A97C2A7BA19E000CB7D9 /* AmpliSwiftSampleAppTests.xctest */,
				BAD7A9862A7BA19E000CB7D9 /* AmpliSwiftSampleAppUITests.xctest */,
			);
			name = Products;
			sourceTree = "<group>";
		};
		BAD7A96D2A7BA19D000CB7D9 /* AmpliSwiftSampleApp */ = {
			isa = PBXGroup;
			children = (
				BAD7A96E2A7BA19D000CB7D9 /* AmpliSwiftSampleAppApp.swift */,
				BAD7A9702A7BA19D000CB7D9 /* ContentView.swift */,
				BAD7A9722A7BA19E000CB7D9 /* Assets.xcassets */,
				BAD7A9742A7BA19E000CB7D9 /* AmpliSwiftSampleApp.entitlements */,
				BAD7A9752A7BA19E000CB7D9 /* Preview Content */,
			);
			path = AmpliSwiftSampleApp;
			sourceTree = "<group>";
		};
		BAD7A9752A7BA19E000CB7D9 /* Preview Content */ = {
			isa = PBXGroup;
			children = (
				BAD7A9762A7BA19E000CB7D9 /* Preview Assets.xcassets */,
			);
			path = "Preview Content";
			sourceTree = "<group>";
		};
		BAD7A97F2A7BA19E000CB7D9 /* AmpliSwiftSampleAppTests */ = {
			isa = PBXGroup;
			children = (
				BAD7A9802A7BA19E000CB7D9 /* AmpliSwiftSampleAppTests.swift */,
			);
			path = AmpliSwiftSampleAppTests;
			sourceTree = "<group>";
		};
		BAD7A9892A7BA19E000CB7D9 /* AmpliSwiftSampleAppUITests */ = {
			isa = PBXGroup;
			children = (
				BAD7A98A2A7BA19E000CB7D9 /* AmpliSwiftSampleAppUITests.swift */,
				BAD7A98C2A7BA19E000CB7D9 /* AmpliSwiftSampleAppUITestsLaunchTests.swift */,
			);
			path = AmpliSwiftSampleAppUITests;
			sourceTree = "<group>";
		};
/* End PBXGroup section */

/* Begin PBXNativeTarget section */
		BAD7A96A2A7BA19D000CB7D9 /* AmpliSwiftSampleApp */ = {
			isa = PBXNativeTarget;
			buildConfigurationList = BAD7A9902A7BA19E000CB7D9 /* Build configuration list for PBXNativeTarget "AmpliSwiftSampleApp" */;
			buildPhases = (
				BAD7A9672A7BA19D000CB7D9 /* Sources */,
				BAD7A9682A7BA19D000CB7D9 /* Frameworks */,
				BAD7A9692A7BA19D000CB7D9 /* Resources */,
			);
			buildRules = (
			);
			dependencies = (
			);
			name = AmpliSwiftSampleApp;
			productName = AmpliSwiftSampleApp;
			productReference = BAD7A96B2A7BA19D000CB7D9 /* AmpliSwiftSampleApp.app */;
			productType = "com.apple.product-type.application";
		};
		BAD7A97B2A7BA19E000CB7D9 /* AmpliSwiftSampleAppTests */ = {
			isa = PBXNativeTarget;
			buildConfigurationList = BAD7A9932A7BA19E000CB7D9 /* Build configuration list for PBXNativeTarget "AmpliSwiftSampleAppTests" */;
			buildPhases = (
				BAD7A9782A7BA19E000CB7D9 /* Sources */,
				BAD7A9792A7BA19E000CB7D9 /* Frameworks */,
				BAD7A97A2A7BA19E000CB7D9 /* Resources */,
			);
			buildRules = (
			);
			dependencies = (
				BAD7A97E2A7BA19E000CB7D9 /* PBXTargetDependency */,
			);
			name = AmpliSwiftSampleAppTests;
			productName = AmpliSwiftSampleAppTests;
			productReference = BAD7A97C2A7BA19E000CB7D9 /* AmpliSwiftSampleAppTests.xctest */;
			productType = "com.apple.product-type.bundle.unit-test";
		};
		BAD7A9852A7BA19E000CB7D9 /* AmpliSwiftSampleAppUITests */ = {
			isa = PBXNativeTarget;
			buildConfigurationList = BAD7A9962A7BA19E000CB7D9 /* Build configuration list for PBXNativeTarget "AmpliSwiftSampleAppUITests" */;
			buildPhases = (
				BAD7A9822A7BA19E000CB7D9 /* Sources */,
				BAD7A9832A7BA19E000CB7D9 /* Frameworks */,
				BAD7A9842A7BA19E000CB7D9 /* Resources */,
			);
			buildRules = (
			);
			dependencies = (
				BAD7A9882A7BA19E000CB7D9 /* PBXTargetDependency */,
			);
			name = AmpliSwiftSampleAppUITests;
			productName = AmpliSwiftSampleAppUITests;
			productReference = BAD7A9862A7BA19E000CB7D9 /* AmpliSwiftSampleAppUITests.xctest */;
			productType = "com.apple.product-type.bundle.ui-testing";
		};
/* End PBXNativeTarget section */

/* Begin PBXProject section */
		BAD7A9632A7BA19D000CB7D9 /* Project object */ = {
			isa = PBXProject;
			attributes = {
				BuildIndependentTargetsInParallel = 1;
				LastSwiftUpdateCheck = 1420;
				LastUpgradeCheck = 1420;
				TargetAttributes = {
					BAD7A96A2A7BA19D000CB7D9 = {
						CreatedOnToolsVersion = 14.2;
					};
					BAD7A97B2A7BA19E000CB7D9 = {
						CreatedOnToolsVersion = 14.2;
						TestTargetID = BAD7A96A2A7BA19D000CB7D9;
					};
					BAD7A9852A7BA19E000CB7D9 = {
						CreatedOnToolsVersion = 14.2;
						TestTargetID = BAD7A96A2A7BA19D000CB7D9;
					};
				};
			};
			buildConfigurationList = BAD7A9662A7BA19D000CB7D9 /* Build configuration list for PBXProject "AmpliSwiftSampleApp" */;
			compatibilityVersion = "Xcode 14.0";
			developmentRegion = en;
			hasScannedForEncodings = 0;
			knownRegions = (
				en,
				Base,
			);
			mainGroup = BAD7A9622A7BA19D000CB7D9;
			productRefGroup = BAD7A96C2A7BA19D000CB7D9 /* Products */;
			projectDirPath = "";
			projectRoot = "";
			targets = (
				BAD7A96A2A7BA19D000CB7D9 /* AmpliSwiftSampleApp */,
				BAD7A97B2A7BA19E000CB7D9 /* AmpliSwiftSampleAppTests */,
				BAD7A9852A7BA19E000CB7D9 /* AmpliSwiftSampleAppUITests */,
			);
		};
/* End PBXProject section */

/* Begin PBXResourcesBuildPhase section */
		BAD7A9692A7BA19D000CB7D9 /* Resources */ = {
			isa = PBXResourcesBuildPhase;
			buildActionMask = 2147483647;
			files = (
				BAD7A9772A7BA19E000CB7D9 /* Preview Assets.xcassets in Resources */,
				BAD7A9732A7BA19E000CB7D9 /* Assets.xcassets in Resources */,
			);
			runOnlyForDeploymentPostprocessing = 0;
		};
		BAD7A97A2A7BA19E000CB7D9 /* Resources */ = {
			isa = PBXResourcesBuildPhase;
			buildActionMask = 2147483647;
			files = (
			);
			runOnlyForDeploymentPostprocessing = 0;
		};
		BAD7A9842A7BA19E000CB7D9 /* Resources */ = {
			isa = PBXResourcesBuildPhase;
			buildActionMask = 2147483647;
			files = (
			);
			runOnlyForDeploymentPostprocessing = 0;
		};
/* End PBXResourcesBuildPhase section */

/* Begin PBXSourcesBuildPhase section */
		BAD7A9672A7BA19D000CB7D9 /* Sources */ = {
			isa = PBXSourcesBuildPhase;
			buildActionMask = 2147483647;
			files = (
				BAD7A9712A7BA19D000CB7D9 /* ContentView.swift in Sources */,
				BAD7A96F2A7BA19D000CB7D9 /* AmpliSwiftSampleAppApp.swift in Sources */,
			);
			runOnlyForDeploymentPostprocessing = 0;
		};
		BAD7A9782A7BA19E000CB7D9 /* Sources */ = {
			isa = PBXSourcesBuildPhase;
			buildActionMask = 2147483647;
			files = (
				BAD7A9812A7BA19E000CB7D9 /* AmpliSwiftSampleAppTests.swift in Sources */,
			);
			runOnlyForDeploymentPostprocessing = 0;
		};
		BAD7A9822A7BA19E000CB7D9 /* Sources */ = {
			isa = PBXSourcesBuildPhase;
			buildActionMask = 2147483647;
			files = (
				BAD7A98D2A7BA19E000CB7D9 /* AmpliSwiftSampleAppUITestsLaunchTests.swift in Sources */,
				BAD7A98B2A7BA19E000CB7D9 /* AmpliSwiftSampleAppUITests.swift in Sources */,
			);
			runOnlyForDeploymentPostprocessing = 0;
		};
/* End PBXSourcesBuildPhase section */

/* Begin PBXTargetDependency section */
		BAD7A97E2A7BA19E000CB7D9 /* PBXTargetDependency */ = {
			isa = PBXTargetDependency;
			target = BAD7A96A2A7BA19D000CB7D9 /* AmpliSwiftSampleApp */;
			targetProxy = BAD7A97D2A7BA19E000CB7D9 /* PBXContainerItemProxy */;
		};
		BAD7A9882A7BA19E000CB7D9 /* PBXTargetDependency */ = {
			isa = PBXTargetDependency;
			target = BAD7A96A2A7BA19D000CB7D9 /* AmpliSwiftSampleApp */;
			targetProxy = BAD7A9872A7BA19E000CB7D9 /* PBXContainerItemProxy */;
		};
/* End PBXTargetDependency section */

/* Begin XCBuildConfiguration section */
		BAD7A98E2A7BA19E000CB7D9 /* Debug */ = {
			isa = XCBuildConfiguration;
			buildSettings = {
				ALWAYS_SEARCH_USER_PATHS = NO;
				CLANG_ANALYZER_NONNULL = YES;
				CLANG_ANALYZER_NUMBER_OBJECT_CONVERSION = YES_AGGRESSIVE;
				CLANG_CXX_LANGUAGE_STANDARD = "gnu++20";
				CLANG_ENABLE_MODULES = YES;
				CLANG_ENABLE_OBJC_ARC = YES;
				CLANG_ENABLE_OBJC_WEAK = YES;
				CLANG_WARN_BLOCK_CAPTURE_AUTORELEASING = YES;
				CLANG_WARN_BOOL_CONVERSION = YES;
				CLANG_WARN_COMMA = YES;
				CLANG_WARN_CONSTANT_CONVERSION = YES;
				CLANG_WARN_DEPRECATED_OBJC_IMPLEMENTATIONS = YES;
				CLANG_WARN_DIRECT_OBJC_ISA_USAGE = YES_ERROR;
				CLANG_WARN_DOCUMENTATION_COMMENTS = YES;
				CLANG_WARN_EMPTY_BODY = YES;
				CLANG_WARN_ENUM_CONVERSION = YES;
				CLANG_WARN_INFINITE_RECURSION = YES;
				CLANG_WARN_INT_CONVERSION = YES;
				CLANG_WARN_NON_LITERAL_NULL_CONVERSION = YES;
				CLANG_WARN_OBJC_IMPLICIT_RETAIN_SELF = YES;
				CLANG_WARN_OBJC_LITERAL_CONVERSION = YES;
				CLANG_WARN_OBJC_ROOT_CLASS = YES_ERROR;
				CLANG_WARN_QUOTED_INCLUDE_IN_FRAMEWORK_HEADER = YES;
				CLANG_WARN_RANGE_LOOP_ANALYSIS = YES;
				CLANG_WARN_STRICT_PROTOTYPES = YES;
				CLANG_WARN_SUSPICIOUS_MOVE = YES;
				CLANG_WARN_UNGUARDED_AVAILABILITY = YES_AGGRESSIVE;
				CLANG_WARN_UNREACHABLE_CODE = YES;
				CLANG_WARN__DUPLICATE_METHOD_MATCH = YES;
				COPY_PHASE_STRIP = NO;
				DEBUG_INFORMATION_FORMAT = dwarf;
				ENABLE_STRICT_OBJC_MSGSEND = YES;
				ENABLE_TESTABILITY = YES;
				GCC_C_LANGUAGE_STANDARD = gnu11;
				GCC_DYNAMIC_NO_PIC = NO;
				GCC_NO_COMMON_BLOCKS = YES;
				GCC_OPTIMIZATION_LEVEL = 0;
				GCC_PREPROCESSOR_DEFINITIONS = (
					"DEBUG=1",
					"$(inherited)",
				);
				GCC_WARN_64_TO_32_BIT_CONVERSION = YES;
				GCC_WARN_ABOUT_RETURN_TYPE = YES_ERROR;
				GCC_WARN_UNDECLARED_SELECTOR = YES;
				GCC_WARN_UNINITIALIZED_AUTOS = YES_AGGRESSIVE;
				GCC_WARN_UNUSED_FUNCTION = YES;
				GCC_WARN_UNUSED_VARIABLE = YES;
				MTL_ENABLE_DEBUG_INFO = INCLUDE_SOURCE;
				MTL_FAST_MATH = YES;
				ONLY_ACTIVE_ARCH = YES;
				SWIFT_ACTIVE_COMPILATION_CONDITIONS = DEBUG;
				SWIFT_OPTIMIZATION_LEVEL = "-Onone";
			};
			name = Debug;
		};
		BAD7A98F2A7BA19E000CB7D9 /* Release */ = {
			isa = XCBuildConfiguration;
			buildSettings = {
				ALWAYS_SEARCH_USER_PATHS = NO;
				CLANG_ANALYZER_NONNULL = YES;
				CLANG_ANALYZER_NUMBER_OBJECT_CONVERSION = YES_AGGRESSIVE;
				CLANG_CXX_LANGUAGE_STANDARD = "gnu++20";
				CLANG_ENABLE_MODULES = YES;
				CLANG_ENABLE_OBJC_ARC = YES;
				CLANG_ENABLE_OBJC_WEAK = YES;
				CLANG_WARN_BLOCK_CAPTURE_AUTORELEASING = YES;
				CLANG_WARN_BOOL_CONVERSION = YES;
				CLANG_WARN_COMMA = YES;
				CLANG_WARN_CONSTANT_CONVERSION = YES;
				CLANG_WARN_DEPRECATED_OBJC_IMPLEMENTATIONS = YES;
				CLANG_WARN_DIRECT_OBJC_ISA_USAGE = YES_ERROR;
				CLANG_WARN_DOCUMENTATION_COMMENTS = YES;
				CLANG_WARN_EMPTY_BODY = YES;
				CLANG_WARN_ENUM_CONVERSION = YES;
				CLANG_WARN_INFINITE_RECURSION = YES;
				CLANG_WARN_INT_CONVERSION = YES;
				CLANG_WARN_NON_LITERAL_NULL_CONVERSION = YES;
				CLANG_WARN_OBJC_IMPLICIT_RETAIN_SELF = YES;
				CLANG_WARN_OBJC_LITERAL_CONVERSION = YES;
				CLANG_WARN_OBJC_ROOT_CLASS = YES_ERROR;
				CLANG_WARN_QUOTED_INCLUDE_IN_FRAMEWORK_HEADER = YES;
				CLANG_WARN_RANGE_LOOP_ANALYSIS = YES;
				CLANG_WARN_STRICT_PROTOTYPES = YES;
				CLANG_WARN_SUSPICIOUS_MOVE = YES;
				CLANG_WARN_UNGUARDED_AVAILABILITY = YES_AGGRESSIVE;
				CLANG_WARN_UNREACHABLE_CODE = YES;
				CLANG_WARN__DUPLICATE_METHOD_MATCH = YES;
				COPY_PHASE_STRIP = NO;
				DEBUG_INFORMATION_FORMAT = "dwarf-with-dsym";
				ENABLE_NS_ASSERTIONS = NO;
				ENABLE_STRICT_OBJC_MSGSEND = YES;
				GCC_C_LANGUAGE_STANDARD = gnu11;
				GCC_NO_COMMON_BLOCKS = YES;
				GCC_WARN_64_TO_32_BIT_CONVERSION = YES;
				GCC_WARN_ABOUT_RETURN_TYPE = YES_ERROR;
				GCC_WARN_UNDECLARED_SELECTOR = YES;
				GCC_WARN_UNINITIALIZED_AUTOS = YES_AGGRESSIVE;
				GCC_WARN_UNUSED_FUNCTION = YES;
				GCC_WARN_UNUSED_VARIABLE = YES;
				MTL_ENABLE_DEBUG_INFO = NO;
				MTL_FAST_MATH = YES;
				SWIFT_COMPILATION_MODE = wholemodule;
				SWIFT_OPTIMIZATION_LEVEL = "-O";
			};
			name = Release;
		};
		BAD7A9912A7BA19E000CB7D9 /* Debug */ = {
			isa = XCBuildConfiguration;
			buildSettings = {
				ASSETCATALOG_COMPILER_APPICON_NAME = AppIcon;
				ASSETCATALOG_COMPILER_GLOBAL_ACCENT_COLOR_NAME = AccentColor;
				CODE_SIGN_ENTITLEMENTS = AmpliSwiftSampleApp/AmpliSwiftSampleApp.entitlements;
				CODE_SIGN_STYLE = Automatic;
				CURRENT_PROJECT_VERSION = 1;
				DEVELOPMENT_ASSET_PATHS = "\"AmpliSwiftSampleApp/Preview Content\"";
				ENABLE_PREVIEWS = YES;
				GENERATE_INFOPLIST_FILE = YES;
				"INFOPLIST_KEY_UIApplicationSceneManifest_Generation[sdk=iphoneos*]" = YES;
				"INFOPLIST_KEY_UIApplicationSceneManifest_Generation[sdk=iphonesimulator*]" = YES;
				"INFOPLIST_KEY_UIApplicationSupportsIndirectInputEvents[sdk=iphoneos*]" = YES;
				"INFOPLIST_KEY_UIApplicationSupportsIndirectInputEvents[sdk=iphonesimulator*]" = YES;
				"INFOPLIST_KEY_UILaunchScreen_Generation[sdk=iphoneos*]" = YES;
				"INFOPLIST_KEY_UILaunchScreen_Generation[sdk=iphonesimulator*]" = YES;
				"INFOPLIST_KEY_UIStatusBarStyle[sdk=iphoneos*]" = UIStatusBarStyleDefault;
				"INFOPLIST_KEY_UIStatusBarStyle[sdk=iphonesimulator*]" = UIStatusBarStyleDefault;
				INFOPLIST_KEY_UISupportedInterfaceOrientations_iPad = "UIInterfaceOrientationPortrait UIInterfaceOrientationPortraitUpsideDown UIInterfaceOrientationLandscapeLeft UIInterfaceOrientationLandscapeRight";
				INFOPLIST_KEY_UISupportedInterfaceOrientations_iPhone = "UIInterfaceOrientationPortrait UIInterfaceOrientationLandscapeLeft UIInterfaceOrientationLandscapeRight";
				IPHONEOS_DEPLOYMENT_TARGET = 16.2;
				LD_RUNPATH_SEARCH_PATHS = "@executable_path/Frameworks";
				"LD_RUNPATH_SEARCH_PATHS[sdk=macosx*]" = "@executable_path/../Frameworks";
				MACOSX_DEPLOYMENT_TARGET = 12.6;
				MARKETING_VERSION = 1.0;
				PRODUCT_BUNDLE_IDENTIFIER = com.amplitude.AmpliSwiftSampleApp;
				PRODUCT_NAME = "$(TARGET_NAME)";
				SDKROOT = auto;
				SUPPORTED_PLATFORMS = "iphoneos iphonesimulator macosx";
				SWIFT_EMIT_LOC_STRINGS = YES;
				SWIFT_VERSION = 5.0;
				TARGETED_DEVICE_FAMILY = "1,2";
			};
			name = Debug;
		};
		BAD7A9922A7BA19E000CB7D9 /* Release */ = {
			isa = XCBuildConfiguration;
			buildSettings = {
				ASSETCATALOG_COMPILER_APPICON_NAME = AppIcon;
				ASSETCATALOG_COMPILER_GLOBAL_ACCENT_COLOR_NAME = AccentColor;
				CODE_SIGN_ENTITLEMENTS = AmpliSwiftSampleApp/AmpliSwiftSampleApp.entitlements;
				CODE_SIGN_STYLE = Automatic;
				CURRENT_PROJECT_VERSION = 1;
				DEVELOPMENT_ASSET_PATHS = "\"AmpliSwiftSampleApp/Preview Content\"";
				ENABLE_PREVIEWS = YES;
				GENERATE_INFOPLIST_FILE = YES;
				"INFOPLIST_KEY_UIApplicationSceneManifest_Generation[sdk=iphoneos*]" = YES;
				"INFOPLIST_KEY_UIApplicationSceneManifest_Generation[sdk=iphonesimulator*]" = YES;
				"INFOPLIST_KEY_UIApplicationSupportsIndirectInputEvents[sdk=iphoneos*]" = YES;
				"INFOPLIST_KEY_UIApplicationSupportsIndirectInputEvents[sdk=iphonesimulator*]" = YES;
				"INFOPLIST_KEY_UILaunchScreen_Generation[sdk=iphoneos*]" = YES;
				"INFOPLIST_KEY_UILaunchScreen_Generation[sdk=iphonesimulator*]" = YES;
				"INFOPLIST_KEY_UIStatusBarStyle[sdk=iphoneos*]" = UIStatusBarStyleDefault;
				"INFOPLIST_KEY_UIStatusBarStyle[sdk=iphonesimulator*]" = UIStatusBarStyleDefault;
				INFOPLIST_KEY_UISupportedInterfaceOrientations_iPad = "UIInterfaceOrientationPortrait UIInterfaceOrientationPortraitUpsideDown UIInterfaceOrientationLandscapeLeft UIInterfaceOrientationLandscapeRight";
				INFOPLIST_KEY_UISupportedInterfaceOrientations_iPhone = "UIInterfaceOrientationPortrait UIInterfaceOrientationLandscapeLeft UIInterfaceOrientationLandscapeRight";
				IPHONEOS_DEPLOYMENT_TARGET = 16.2;
				LD_RUNPATH_SEARCH_PATHS = "@executable_path/Frameworks";
				"LD_RUNPATH_SEARCH_PATHS[sdk=macosx*]" = "@executable_path/../Frameworks";
				MACOSX_DEPLOYMENT_TARGET = 12.6;
				MARKETING_VERSION = 1.0;
				PRODUCT_BUNDLE_IDENTIFIER = com.amplitude.AmpliSwiftSampleApp;
				PRODUCT_NAME = "$(TARGET_NAME)";
				SDKROOT = auto;
				SUPPORTED_PLATFORMS = "iphoneos iphonesimulator macosx";
				SWIFT_EMIT_LOC_STRINGS = YES;
				SWIFT_VERSION = 5.0;
				TARGETED_DEVICE_FAMILY = "1,2";
			};
			name = Release;
		};
		BAD7A9942A7BA19E000CB7D9 /* Debug */ = {
			isa = XCBuildConfiguration;
			buildSettings = {
				ALWAYS_EMBED_SWIFT_STANDARD_LIBRARIES = YES;
				BUNDLE_LOADER = "$(TEST_HOST)";
				CODE_SIGN_STYLE = Automatic;
				CURRENT_PROJECT_VERSION = 1;
				GENERATE_INFOPLIST_FILE = YES;
				IPHONEOS_DEPLOYMENT_TARGET = 16.2;
				MACOSX_DEPLOYMENT_TARGET = 12.6;
				MARKETING_VERSION = 1.0;
				PRODUCT_BUNDLE_IDENTIFIER = com.amplitude.AmpliSwiftSampleAppTests;
				PRODUCT_NAME = "$(TARGET_NAME)";
				SDKROOT = auto;
				SUPPORTED_PLATFORMS = "iphoneos iphonesimulator macosx";
				SWIFT_EMIT_LOC_STRINGS = NO;
				SWIFT_VERSION = 5.0;
				TARGETED_DEVICE_FAMILY = "1,2";
				TEST_HOST = "$(BUILT_PRODUCTS_DIR)/AmpliSwiftSampleApp.app/$(BUNDLE_EXECUTABLE_FOLDER_PATH)/AmpliSwiftSampleApp";
			};
			name = Debug;
		};
		BAD7A9952A7BA19E000CB7D9 /* Release */ = {
			isa = XCBuildConfiguration;
			buildSettings = {
				ALWAYS_EMBED_SWIFT_STANDARD_LIBRARIES = YES;
				BUNDLE_LOADER = "$(TEST_HOST)";
				CODE_SIGN_STYLE = Automatic;
				CURRENT_PROJECT_VERSION = 1;
				GENERATE_INFOPLIST_FILE = YES;
				IPHONEOS_DEPLOYMENT_TARGET = 16.2;
				MACOSX_DEPLOYMENT_TARGET = 12.6;
				MARKETING_VERSION = 1.0;
				PRODUCT_BUNDLE_IDENTIFIER = com.amplitude.AmpliSwiftSampleAppTests;
				PRODUCT_NAME = "$(TARGET_NAME)";
				SDKROOT = auto;
				SUPPORTED_PLATFORMS = "iphoneos iphonesimulator macosx";
				SWIFT_EMIT_LOC_STRINGS = NO;
				SWIFT_VERSION = 5.0;
				TARGETED_DEVICE_FAMILY = "1,2";
				TEST_HOST = "$(BUILT_PRODUCTS_DIR)/AmpliSwiftSampleApp.app/$(BUNDLE_EXECUTABLE_FOLDER_PATH)/AmpliSwiftSampleApp";
			};
			name = Release;
		};
		BAD7A9972A7BA19E000CB7D9 /* Debug */ = {
			isa = XCBuildConfiguration;
			buildSettings = {
				ALWAYS_EMBED_SWIFT_STANDARD_LIBRARIES = YES;
				CODE_SIGN_STYLE = Automatic;
				CURRENT_PROJECT_VERSION = 1;
				GENERATE_INFOPLIST_FILE = YES;
				IPHONEOS_DEPLOYMENT_TARGET = 16.2;
				MACOSX_DEPLOYMENT_TARGET = 12.6;
				MARKETING_VERSION = 1.0;
				PRODUCT_BUNDLE_IDENTIFIER = com.amplitude.AmpliSwiftSampleAppUITests;
				PRODUCT_NAME = "$(TARGET_NAME)";
				SDKROOT = auto;
				SUPPORTED_PLATFORMS = "iphoneos iphonesimulator macosx";
				SWIFT_EMIT_LOC_STRINGS = NO;
				SWIFT_VERSION = 5.0;
				TARGETED_DEVICE_FAMILY = "1,2";
				TEST_TARGET_NAME = AmpliSwiftSampleApp;
			};
			name = Debug;
		};
		BAD7A9982A7BA19E000CB7D9 /* Release */ = {
			isa = XCBuildConfiguration;
			buildSettings = {
				ALWAYS_EMBED_SWIFT_STANDARD_LIBRARIES = YES;
				CODE_SIGN_STYLE = Automatic;
				CURRENT_PROJECT_VERSION = 1;
				GENERATE_INFOPLIST_FILE = YES;
				IPHONEOS_DEPLOYMENT_TARGET = 16.2;
				MACOSX_DEPLOYMENT_TARGET = 12.6;
				MARKETING_VERSION = 1.0;
				PRODUCT_BUNDLE_IDENTIFIER = com.amplitude.AmpliSwiftSampleAppUITests;
				PRODUCT_NAME = "$(TARGET_NAME)";
				SDKROOT = auto;
				SUPPORTED_PLATFORMS = "iphoneos iphonesimulator macosx";
				SWIFT_EMIT_LOC_STRINGS = NO;
				SWIFT_VERSION = 5.0;
				TARGETED_DEVICE_FAMILY = "1,2";
				TEST_TARGET_NAME = AmpliSwiftSampleApp;
			};
			name = Release;
		};
/* End XCBuildConfiguration section */

/* Begin XCConfigurationList section */
		BAD7A9662A7BA19D000CB7D9 /* Build configuration list for PBXProject "AmpliSwiftSampleApp" */ = {
			isa = XCConfigurationList;
			buildConfigurations = (
				BAD7A98E2A7BA19E000CB7D9 /* Debug */,
				BAD7A98F2A7BA19E000CB7D9 /* Release */,
			);
			defaultConfigurationIsVisible = 0;
			defaultConfigurationName = Release;
		};
		BAD7A9902A7BA19E000CB7D9 /* Build configuration list for PBXNativeTarget "AmpliSwiftSampleApp" */ = {
			isa = XCConfigurationList;
			buildConfigurations = (
				BAD7A9912A7BA19E000CB7D9 /* Debug */,
				BAD7A9922A7BA19E000CB7D9 /* Release */,
			);
			defaultConfigurationIsVisible = 0;
			defaultConfigurationName = Release;
		};
		BAD7A9932A7BA19E000CB7D9 /* Build configuration list for PBXNativeTarget "AmpliSwiftSampleAppTests" */ = {
			isa = XCConfigurationList;
			buildConfigurations = (
				BAD7A9942A7BA19E000CB7D9 /* Debug */,
				BAD7A9952A7BA19E000CB7D9 /* Release */,
			);
			defaultConfigurationIsVisible = 0;
			defaultConfigurationName = Release;
		};
		BAD7A9962A7BA19E000CB7D9 /* Build configuration list for PBXNativeTarget "AmpliSwiftSampleAppUITests" */ = {
			isa = XCConfigurationList;
			buildConfigurations = (
				BAD7A9972A7BA19E000CB7D9 /* Debug */,
				BAD7A9982A7BA19E000CB7D9 /* Release */,
			);
			defaultConfigurationIsVisible = 0;
			defaultConfigurationName = Release;
		};
/* End XCConfigurationList section */
	};
	rootObject = BAD7A9632A7BA19D000CB7D9 /* Project object */;
}
